// !$*UTF8*$!
{
	archiveVersion = 1;
	classes = {
	};
	objectVersion = 56;
	objects = {

/* Begin PBXBuildFile section */
		2219BF3C2DDD519400811F67 /* SDWebImage in Frameworks */ = {isa = PBXBuildFile; productRef = 2219BF3B2DDD519400811F67 /* SDWebImage */; };
		224EBA572DDCAADD00BB284C /* LeaguesPresenter.swift in Sources */ = {isa = PBXBuildFile; fileRef = 224EBA562DDCAADD00BB284C /* LeaguesPresenter.swift */; };
		224EBA5A2DDCAB2200BB284C /* LeaguesViewCell.swift in Sources */ = {isa = PBXBuildFile; fileRef = 224EBA582DDCAB2200BB284C /* LeaguesViewCell.swift */; };
		224EBA5B2DDCAB2200BB284C /* LeaguesViewCell.xib in Resources */ = {isa = PBXBuildFile; fileRef = 224EBA592DDCAB2200BB284C /* LeaguesViewCell.xib */; };
		229E435E2DDB69FC0042729E /* Sport.swift in Sources */ = {isa = PBXBuildFile; fileRef = 229E435D2DDB69FC0042729E /* Sport.swift */; };
		229E43622DDB6D7D0042729E /* SportViewCell.swift in Sources */ = {isa = PBXBuildFile; fileRef = 229E43602DDB6D7D0042729E /* SportViewCell.swift */; };
		229E43632DDB6D7D0042729E /* SportViewCell.xib in Resources */ = {isa = PBXBuildFile; fileRef = 229E43612DDB6D7D0042729E /* SportViewCell.xib */; };
		229E43662DDB86350042729E /* HomeViewController.swift in Sources */ = {isa = PBXBuildFile; fileRef = 229E43642DDB86350042729E /* HomeViewController.swift */; };
		229E43672DDB86350042729E /* HomeViewController.xib in Resources */ = {isa = PBXBuildFile; fileRef = 229E43652DDB86350042729E /* HomeViewController.xib */; };
		22C910182DDB95F70050BF5E /* FavoritesViewController.swift in Sources */ = {isa = PBXBuildFile; fileRef = 22C910172DDB95F70050BF5E /* FavoritesViewController.swift */; };
		22C9101A2DDB97800050BF5E /* FavoritesViewController.xib in Resources */ = {isa = PBXBuildFile; fileRef = 22C910192DDB97800050BF5E /* FavoritesViewController.xib */; };
		22C910202DDB982A0050BF5E /* League.swift in Sources */ = {isa = PBXBuildFile; fileRef = 22C9101E2DDB982A0050BF5E /* League.swift */; };
		22C910212DDB982A0050BF5E /* LeagueResponse.swift in Sources */ = {isa = PBXBuildFile; fileRef = 22C9101F2DDB982A0050BF5E /* LeagueResponse.swift */; };
		22C910242DDB99E70050BF5E /* LeaguesViewController.swift in Sources */ = {isa = PBXBuildFile; fileRef = 22C910222DDB99E70050BF5E /* LeaguesViewController.swift */; };
		22C910252DDB99E70050BF5E /* LeaguesViewController.xib in Resources */ = {isa = PBXBuildFile; fileRef = 22C910232DDB99E70050BF5E /* LeaguesViewController.xib */; };
		22C910282DDBA9CF0050BF5E /* Constants.swift in Sources */ = {isa = PBXBuildFile; fileRef = 22C910272DDBA9CF0050BF5E /* Constants.swift */; };
		22C9102B2DDBABBB0050BF5E /* RemoteService.swift in Sources */ = {isa = PBXBuildFile; fileRef = 22C9102A2DDBABBB0050BF5E /* RemoteService.swift */; };
		22C9102D2DDBAC2E0050BF5E /* LeagueService.swift in Sources */ = {isa = PBXBuildFile; fileRef = 22C9102C2DDBAC2E0050BF5E /* LeagueService.swift */; };
		22C9103A2DDBB3610050BF5E /* Alamofire in Frameworks */ = {isa = PBXBuildFile; productRef = 22C910392DDBB3610050BF5E /* Alamofire */; };
		EF9DF93C2DD7F4E00022621B /* SectionHeaderCollectionReusableView.swift in Sources */ = {isa = PBXBuildFile; fileRef = EF9DF93A2DD7F4E00022621B /* SectionHeaderCollectionReusableView.swift */; };
		EF9DF93D2DD7F4E00022621B /* SectionHeaderCollectionReusableView.xib in Resources */ = {isa = PBXBuildFile; fileRef = EF9DF93B2DD7F4E00022621B /* SectionHeaderCollectionReusableView.xib */; };
		EF9F297D2DD7971C000F031A /* UpEventCollectionViewCell.swift in Sources */ = {isa = PBXBuildFile; fileRef = EF9F297B2DD7971C000F031A /* UpEventCollectionViewCell.swift */; };
		EF9F297E2DD7971C000F031A /* UpEventCollectionViewCell.xib in Resources */ = {isa = PBXBuildFile; fileRef = EF9F297C2DD7971C000F031A /* UpEventCollectionViewCell.xib */; };
		EF9F29852DD7A3E4000F031A /* LeagueDetailsCollectionViewController.swift in Sources */ = {isa = PBXBuildFile; fileRef = EF9F29832DD7A3E4000F031A /* LeagueDetailsCollectionViewController.swift */; };
		EF9F29862DD7A3E4000F031A /* LeagueDetailsCollectionViewController.xib in Resources */ = {isa = PBXBuildFile; fileRef = EF9F29842DD7A3E4000F031A /* LeagueDetailsCollectionViewController.xib */; };
		EFB912BB2DD915E100FA2D28 /* Event.swift in Sources */ = {isa = PBXBuildFile; fileRef = EFB912BA2DD915E100FA2D28 /* Event.swift */; };
		EFB912BD2DD915F500FA2D28 /* Team.swift in Sources */ = {isa = PBXBuildFile; fileRef = EFB912BC2DD915F500FA2D28 /* Team.swift */; };
		EFB912BF2DD9164800FA2D28 /* LeagueDetailsPresenter.swift in Sources */ = {isa = PBXBuildFile; fileRef = EFB912BE2DD9164800FA2D28 /* LeagueDetailsPresenter.swift */; };
		EFB912C12DD9168F00FA2D28 /* LeagueDetailsViewProtocal.swift in Sources */ = {isa = PBXBuildFile; fileRef = EFB912C02DD9168F00FA2D28 /* LeagueDetailsViewProtocal.swift */; };
		EFB912C82DD927B100FA2D28 /* ImageCollectionViewCell.swift in Sources */ = {isa = PBXBuildFile; fileRef = EFB912C62DD927B100FA2D28 /* ImageCollectionViewCell.swift */; };
		EFB912C92DD927B100FA2D28 /* ImageCollectionViewCell.xib in Resources */ = {isa = PBXBuildFile; fileRef = EFB912C72DD927B100FA2D28 /* ImageCollectionViewCell.xib */; };
		EFE725702DD68476005D99C5 /* AppDelegate.swift in Sources */ = {isa = PBXBuildFile; fileRef = EFE7256F2DD68476005D99C5 /* AppDelegate.swift */; };
		EFE725722DD68476005D99C5 /* SceneDelegate.swift in Sources */ = {isa = PBXBuildFile; fileRef = EFE725712DD68476005D99C5 /* SceneDelegate.swift */; };
		EFE725742DD68476005D99C5 /* ViewController.swift in Sources */ = {isa = PBXBuildFile; fileRef = EFE725732DD68476005D99C5 /* ViewController.swift */; };
		EFE7257A2DD68476005D99C5 /* SportApp.xcdatamodeld in Sources */ = {isa = PBXBuildFile; fileRef = EFE725782DD68476005D99C5 /* SportApp.xcdatamodeld */; };
		EFE7257C2DD6847A005D99C5 /* Assets.xcassets in Resources */ = {isa = PBXBuildFile; fileRef = EFE7257B2DD6847A005D99C5 /* Assets.xcassets */; };
		EFE7257F2DD6847A005D99C5 /* LaunchScreen.storyboard in Resources */ = {isa = PBXBuildFile; fileRef = EFE7257D2DD6847A005D99C5 /* LaunchScreen.storyboard */; };
/* End PBXBuildFile section */

/* Begin PBXFileReference section */
		224EBA562DDCAADD00BB284C /* LeaguesPresenter.swift */ = {isa = PBXFileReference; lastKnownFileType = sourcecode.swift; path = LeaguesPresenter.swift; sourceTree = "<group>"; };
		224EBA582DDCAB2200BB284C /* LeaguesViewCell.swift */ = {isa = PBXFileReference; lastKnownFileType = sourcecode.swift; path = LeaguesViewCell.swift; sourceTree = "<group>"; };
		224EBA592DDCAB2200BB284C /* LeaguesViewCell.xib */ = {isa = PBXFileReference; lastKnownFileType = file.xib; path = LeaguesViewCell.xib; sourceTree = "<group>"; };
		229E435D2DDB69FC0042729E /* Sport.swift */ = {isa = PBXFileReference; lastKnownFileType = sourcecode.swift; path = Sport.swift; sourceTree = "<group>"; };
		229E43602DDB6D7D0042729E /* SportViewCell.swift */ = {isa = PBXFileReference; lastKnownFileType = sourcecode.swift; path = SportViewCell.swift; sourceTree = "<group>"; };
		229E43612DDB6D7D0042729E /* SportViewCell.xib */ = {isa = PBXFileReference; lastKnownFileType = file.xib; path = SportViewCell.xib; sourceTree = "<group>"; };
		229E43642DDB86350042729E /* HomeViewController.swift */ = {isa = PBXFileReference; lastKnownFileType = sourcecode.swift; path = HomeViewController.swift; sourceTree = "<group>"; };
		229E43652DDB86350042729E /* HomeViewController.xib */ = {isa = PBXFileReference; lastKnownFileType = file.xib; path = HomeViewController.xib; sourceTree = "<group>"; };
		22C910172DDB95F70050BF5E /* FavoritesViewController.swift */ = {isa = PBXFileReference; lastKnownFileType = sourcecode.swift; path = FavoritesViewController.swift; sourceTree = "<group>"; };
		22C910192DDB97800050BF5E /* FavoritesViewController.xib */ = {isa = PBXFileReference; fileEncoding = 4; lastKnownFileType = file.xib; path = FavoritesViewController.xib; sourceTree = "<group>"; };
		22C9101E2DDB982A0050BF5E /* League.swift */ = {isa = PBXFileReference; fileEncoding = 4; lastKnownFileType = sourcecode.swift; path = League.swift; sourceTree = "<group>"; };
		22C9101F2DDB982A0050BF5E /* LeagueResponse.swift */ = {isa = PBXFileReference; fileEncoding = 4; lastKnownFileType = sourcecode.swift; path = LeagueResponse.swift; sourceTree = "<group>"; };
		22C910222DDB99E70050BF5E /* LeaguesViewController.swift */ = {isa = PBXFileReference; lastKnownFileType = sourcecode.swift; path = LeaguesViewController.swift; sourceTree = "<group>"; };
		22C910232DDB99E70050BF5E /* LeaguesViewController.xib */ = {isa = PBXFileReference; lastKnownFileType = file.xib; path = LeaguesViewController.xib; sourceTree = "<group>"; };
		22C910272DDBA9CF0050BF5E /* Constants.swift */ = {isa = PBXFileReference; lastKnownFileType = sourcecode.swift; path = Constants.swift; sourceTree = "<group>"; };
		22C9102A2DDBABBB0050BF5E /* RemoteService.swift */ = {isa = PBXFileReference; lastKnownFileType = sourcecode.swift; path = RemoteService.swift; sourceTree = "<group>"; };
		22C9102C2DDBAC2E0050BF5E /* LeagueService.swift */ = {isa = PBXFileReference; lastKnownFileType = sourcecode.swift; path = LeagueService.swift; sourceTree = "<group>"; };
		EF9DF93A2DD7F4E00022621B /* SectionHeaderCollectionReusableView.swift */ = {isa = PBXFileReference; lastKnownFileType = sourcecode.swift; path = SectionHeaderCollectionReusableView.swift; sourceTree = "<group>"; };
		EF9DF93B2DD7F4E00022621B /* SectionHeaderCollectionReusableView.xib */ = {isa = PBXFileReference; lastKnownFileType = file.xib; path = SectionHeaderCollectionReusableView.xib; sourceTree = "<group>"; };
		EF9F297B2DD7971C000F031A /* UpEventCollectionViewCell.swift */ = {isa = PBXFileReference; lastKnownFileType = sourcecode.swift; path = UpEventCollectionViewCell.swift; sourceTree = "<group>"; };
		EF9F297C2DD7971C000F031A /* UpEventCollectionViewCell.xib */ = {isa = PBXFileReference; lastKnownFileType = file.xib; path = UpEventCollectionViewCell.xib; sourceTree = "<group>"; };
		EF9F29832DD7A3E4000F031A /* LeagueDetailsCollectionViewController.swift */ = {isa = PBXFileReference; lastKnownFileType = sourcecode.swift; path = LeagueDetailsCollectionViewController.swift; sourceTree = "<group>"; };
		EF9F29842DD7A3E4000F031A /* LeagueDetailsCollectionViewController.xib */ = {isa = PBXFileReference; lastKnownFileType = file.xib; path = LeagueDetailsCollectionViewController.xib; sourceTree = "<group>"; };
		EFB912BA2DD915E100FA2D28 /* Event.swift */ = {isa = PBXFileReference; lastKnownFileType = sourcecode.swift; path = Event.swift; sourceTree = "<group>"; };
		EFB912BC2DD915F500FA2D28 /* Team.swift */ = {isa = PBXFileReference; lastKnownFileType = sourcecode.swift; path = Team.swift; sourceTree = "<group>"; };
		EFB912BE2DD9164800FA2D28 /* LeagueDetailsPresenter.swift */ = {isa = PBXFileReference; lastKnownFileType = sourcecode.swift; path = LeagueDetailsPresenter.swift; sourceTree = "<group>"; };
		EFB912C02DD9168F00FA2D28 /* LeagueDetailsViewProtocal.swift */ = {isa = PBXFileReference; lastKnownFileType = sourcecode.swift; path = LeagueDetailsViewProtocal.swift; sourceTree = "<group>"; };
		EFB912C62DD927B100FA2D28 /* ImageCollectionViewCell.swift */ = {isa = PBXFileReference; lastKnownFileType = sourcecode.swift; path = ImageCollectionViewCell.swift; sourceTree = "<group>"; };
		EFB912C72DD927B100FA2D28 /* ImageCollectionViewCell.xib */ = {isa = PBXFileReference; lastKnownFileType = file.xib; path = ImageCollectionViewCell.xib; sourceTree = "<group>"; };
		EFE7256C2DD68476005D99C5 /* SportApp.app */ = {isa = PBXFileReference; explicitFileType = wrapper.application; includeInIndex = 0; path = SportApp.app; sourceTree = BUILT_PRODUCTS_DIR; };
		EFE7256F2DD68476005D99C5 /* AppDelegate.swift */ = {isa = PBXFileReference; lastKnownFileType = sourcecode.swift; path = AppDelegate.swift; sourceTree = "<group>"; };
		EFE725712DD68476005D99C5 /* SceneDelegate.swift */ = {isa = PBXFileReference; lastKnownFileType = sourcecode.swift; path = SceneDelegate.swift; sourceTree = "<group>"; };
		EFE725732DD68476005D99C5 /* ViewController.swift */ = {isa = PBXFileReference; lastKnownFileType = sourcecode.swift; path = ViewController.swift; sourceTree = "<group>"; };
		EFE725792DD68476005D99C5 /* SportApp.xcdatamodel */ = {isa = PBXFileReference; lastKnownFileType = wrapper.xcdatamodel; path = SportApp.xcdatamodel; sourceTree = "<group>"; };
		EFE7257B2DD6847A005D99C5 /* Assets.xcassets */ = {isa = PBXFileReference; lastKnownFileType = folder.assetcatalog; path = Assets.xcassets; sourceTree = "<group>"; };
		EFE7257E2DD6847A005D99C5 /* Base */ = {isa = PBXFileReference; lastKnownFileType = file.storyboard; name = Base; path = Base.lproj/LaunchScreen.storyboard; sourceTree = "<group>"; };
		EFE725802DD6847A005D99C5 /* Info.plist */ = {isa = PBXFileReference; lastKnownFileType = text.plist.xml; path = Info.plist; sourceTree = "<group>"; };
/* End PBXFileReference section */

/* Begin PBXFrameworksBuildPhase section */
		EFE725692DD68476005D99C5 /* Frameworks */ = {
			isa = PBXFrameworksBuildPhase;
			buildActionMask = 2147483647;
			files = (
				2219BF3C2DDD519400811F67 /* SDWebImage in Frameworks */,
				22C9103A2DDBB3610050BF5E /* Alamofire in Frameworks */,
			);
			runOnlyForDeploymentPostprocessing = 0;
		};
/* End PBXFrameworksBuildPhase section */

/* Begin PBXGroup section */
		229E435B2DDB69560042729E /* home */ = {
			isa = PBXGroup;
			children = (
				229E435F2DDB6A100042729E /* view */,
				229E435C2DDB69650042729E /* model */,
			);
			path = home;
			sourceTree = "<group>";
		};
		229E435C2DDB69650042729E /* model */ = {
			isa = PBXGroup;
			children = (
				229E435D2DDB69FC0042729E /* Sport.swift */,
			);
			path = model;
			sourceTree = "<group>";
		};
		229E435F2DDB6A100042729E /* view */ = {
			isa = PBXGroup;
			children = (
				229E43602DDB6D7D0042729E /* SportViewCell.swift */,
				229E43612DDB6D7D0042729E /* SportViewCell.xib */,
				229E43642DDB86350042729E /* HomeViewController.swift */,
				229E43652DDB86350042729E /* HomeViewController.xib */,
			);
			path = view;
			sourceTree = "<group>";
		};
		229E43682DDB91A70042729E /* favorites */ = {
			isa = PBXGroup;
			children = (
				22B4C8792DDB9493000FB423 /* presenter */,
				22B4C8782DDB948D000FB423 /* model */,
				229E436F2DDB941E0042729E /* view */,
			);
			path = favorites;
			sourceTree = "<group>";
		};
		229E436E2DDB94110042729E /* leagues */ = {
			isa = PBXGroup;
			children = (
				22C9101D2DDB97DF0050BF5E /* presenter */,
				22C9101C2DDB97D50050BF5E /* view */,
				22C9101B2DDB97CD0050BF5E /* model */,
			);
			path = leagues;
			sourceTree = "<group>";
		};
		229E436F2DDB941E0042729E /* view */ = {
			isa = PBXGroup;
			children = (
				22C910172DDB95F70050BF5E /* FavoritesViewController.swift */,
				22C910192DDB97800050BF5E /* FavoritesViewController.xib */,
			);
			path = view;
			sourceTree = "<group>";
		};
		22B4C8782DDB948D000FB423 /* model */ = {
			isa = PBXGroup;
			children = (
			);
			path = model;
			sourceTree = "<group>";
		};
		22B4C8792DDB9493000FB423 /* presenter */ = {
			isa = PBXGroup;
			children = (
			);
			path = presenter;
			sourceTree = "<group>";
		};
		22C9101B2DDB97CD0050BF5E /* model */ = {
			isa = PBXGroup;
			children = (
				22C9101E2DDB982A0050BF5E /* League.swift */,
				22C9101F2DDB982A0050BF5E /* LeagueResponse.swift */,
			);
			path = model;
			sourceTree = "<group>";
		};
		22C9101C2DDB97D50050BF5E /* view */ = {
			isa = PBXGroup;
			children = (
				22C910222DDB99E70050BF5E /* LeaguesViewController.swift */,
				22C910232DDB99E70050BF5E /* LeaguesViewController.xib */,
				224EBA582DDCAB2200BB284C /* LeaguesViewCell.swift */,
				224EBA592DDCAB2200BB284C /* LeaguesViewCell.xib */,
			);
			path = view;
			sourceTree = "<group>";
		};
		22C9101D2DDB97DF0050BF5E /* presenter */ = {
			isa = PBXGroup;
			children = (
				224EBA562DDCAADD00BB284C /* LeaguesPresenter.swift */,
			);
			path = presenter;
			sourceTree = "<group>";
		};
		22C910262DDBA9B90050BF5E /* constants */ = {
			isa = PBXGroup;
			children = (
				22C910272DDBA9CF0050BF5E /* Constants.swift */,
			);
			path = constants;
			sourceTree = "<group>";
		};
		22C910292DDBAB7B0050BF5E /* remote */ = {
			isa = PBXGroup;
			children = (
				22C9102A2DDBABBB0050BF5E /* RemoteService.swift */,
				22C9102C2DDBAC2E0050BF5E /* LeagueService.swift */,
			);
			path = remote;
			sourceTree = "<group>";
		};
		EF636AF52DD77FC6009513A8 /* LeagueDetails */ = {
			isa = PBXGroup;
			children = (
				EFB912B92DD915AD00FA2D28 /* Protocals */,
				EFB912B82DD9159B00FA2D28 /* Presenter */,
				EFB912B72DD9157000FA2D28 /* View */,
				EFB912B62DD9156200FA2D28 /* Model */,
				EF9DF93A2DD7F4E00022621B /* SectionHeaderCollectionReusableView.swift */,
				EF9DF93B2DD7F4E00022621B /* SectionHeaderCollectionReusableView.xib */,
			);
			path = LeagueDetails;
			sourceTree = "<group>";
		};
		EFB912B62DD9156200FA2D28 /* Model */ = {
			isa = PBXGroup;
			children = (
				EFB912BA2DD915E100FA2D28 /* Event.swift */,
				EFB912BC2DD915F500FA2D28 /* Team.swift */,
			);
			path = Model;
			sourceTree = "<group>";
		};
		EFB912B72DD9157000FA2D28 /* View */ = {
			isa = PBXGroup;
			children = (
				EF9F29842DD7A3E4000F031A /* LeagueDetailsCollectionViewController.xib */,
				EF9F29832DD7A3E4000F031A /* LeagueDetailsCollectionViewController.swift */,
			);
			path = View;
			sourceTree = "<group>";
		};
		EFB912B82DD9159B00FA2D28 /* Presenter */ = {
			isa = PBXGroup;
			children = (
				EFB912BE2DD9164800FA2D28 /* LeagueDetailsPresenter.swift */,
			);
			path = Presenter;
			sourceTree = "<group>";
		};
		EFB912B92DD915AD00FA2D28 /* Protocals */ = {
			isa = PBXGroup;
			children = (
				EFB912C02DD9168F00FA2D28 /* LeagueDetailsViewProtocal.swift */,
			);
			path = Protocals;
			sourceTree = "<group>";
		};
		EFE725632DD68476005D99C5 = {
			isa = PBXGroup;
			children = (
				EFE7256E2DD68476005D99C5 /* SportApp */,
				EFE7256D2DD68476005D99C5 /* Products */,
			);
			sourceTree = "<group>";
		};
		EFE7256D2DD68476005D99C5 /* Products */ = {
			isa = PBXGroup;
			children = (
				EFE7256C2DD68476005D99C5 /* SportApp.app */,
			);
			name = Products;
			sourceTree = "<group>";
		};
		EFE7256E2DD68476005D99C5 /* SportApp */ = {
			isa = PBXGroup;
			children = (
				22C910292DDBAB7B0050BF5E /* remote */,
				22C910262DDBA9B90050BF5E /* constants */,
				229E436E2DDB94110042729E /* leagues */,
				229E43682DDB91A70042729E /* favorites */,
				229E435B2DDB69560042729E /* home */,
				EF636AF52DD77FC6009513A8 /* LeagueDetails */,
				EFE725732DD68476005D99C5 /* ViewController.swift */,
				EFE7256F2DD68476005D99C5 /* AppDelegate.swift */,
				EFE725712DD68476005D99C5 /* SceneDelegate.swift */,
				EFE7257B2DD6847A005D99C5 /* Assets.xcassets */,
				EFE7257D2DD6847A005D99C5 /* LaunchScreen.storyboard */,
				EFE725802DD6847A005D99C5 /* Info.plist */,
				EFE725782DD68476005D99C5 /* SportApp.xcdatamodeld */,
				EF9F297C2DD7971C000F031A /* UpEventCollectionViewCell.xib */,
				EF9F297B2DD7971C000F031A /* UpEventCollectionViewCell.swift */,
				EFB912C62DD927B100FA2D28 /* ImageCollectionViewCell.swift */,
				EFB912C72DD927B100FA2D28 /* ImageCollectionViewCell.xib */,
			);
			path = SportApp;
			sourceTree = "<group>";
		};
/* End PBXGroup section */

/* Begin PBXNativeTarget section */
		EFE7256B2DD68476005D99C5 /* SportApp */ = {
			isa = PBXNativeTarget;
			buildConfigurationList = EFE725832DD6847A005D99C5 /* Build configuration list for PBXNativeTarget "SportApp" */;
			buildPhases = (
				EFE725682DD68476005D99C5 /* Sources */,
				EFE725692DD68476005D99C5 /* Frameworks */,
				EFE7256A2DD68476005D99C5 /* Resources */,
			);
			buildRules = (
			);
			dependencies = (
			);
			name = SportApp;
			packageProductDependencies = (
				22C910392DDBB3610050BF5E /* Alamofire */,
				2219BF3B2DDD519400811F67 /* SDWebImage */,
			);
			productName = SportApp;
			productReference = EFE7256C2DD68476005D99C5 /* SportApp.app */;
			productType = "com.apple.product-type.application";
		};
/* End PBXNativeTarget section */

/* Begin PBXProject section */
		EFE725642DD68476005D99C5 /* Project object */ = {
			isa = PBXProject;
			attributes = {
				BuildIndependentTargetsInParallel = 1;
				LastSwiftUpdateCheck = 1420;
				LastUpgradeCheck = 1420;
				TargetAttributes = {
					EFE7256B2DD68476005D99C5 = {
						CreatedOnToolsVersion = 14.2;
					};
				};
			};
			buildConfigurationList = EFE725672DD68476005D99C5 /* Build configuration list for PBXProject "SportApp" */;
			compatibilityVersion = "Xcode 14.0";
			developmentRegion = en;
			hasScannedForEncodings = 0;
			knownRegions = (
				en,
				Base,
			);
			mainGroup = EFE725632DD68476005D99C5;
			packageReferences = (
				22C910382DDBB3610050BF5E /* XCRemoteSwiftPackageReference "Alamofire" */,
				2219BF3A2DDD519400811F67 /* XCRemoteSwiftPackageReference "SDWebImage" */,
			);
			productRefGroup = EFE7256D2DD68476005D99C5 /* Products */;
			projectDirPath = "";
			projectRoot = "";
			targets = (
				EFE7256B2DD68476005D99C5 /* SportApp */,
			);
		};
/* End PBXProject section */

/* Begin PBXResourcesBuildPhase section */
		EFE7256A2DD68476005D99C5 /* Resources */ = {
			isa = PBXResourcesBuildPhase;
			buildActionMask = 2147483647;
			files = (
				EFE7257F2DD6847A005D99C5 /* LaunchScreen.storyboard in Resources */,
				EF9DF93D2DD7F4E00022621B /* SectionHeaderCollectionReusableView.xib in Resources */,
				EFE7257C2DD6847A005D99C5 /* Assets.xcassets in Resources */,
				EF9F297E2DD7971C000F031A /* UpEventCollectionViewCell.xib in Resources */,
				22C9101A2DDB97800050BF5E /* FavoritesViewController.xib in Resources */,
				EF9F29862DD7A3E4000F031A /* LeagueDetailsCollectionViewController.xib in Resources */,
				EFB912C92DD927B100FA2D28 /* ImageCollectionViewCell.xib in Resources */,
				229E43632DDB6D7D0042729E /* SportViewCell.xib in Resources */,
				229E43672DDB86350042729E /* HomeViewController.xib in Resources */,
				22C910252DDB99E70050BF5E /* LeaguesViewController.xib in Resources */,
				224EBA5B2DDCAB2200BB284C /* LeaguesViewCell.xib in Resources */,
			);
			runOnlyForDeploymentPostprocessing = 0;
		};
/* End PBXResourcesBuildPhase section */

/* Begin PBXSourcesBuildPhase section */
		EFE725682DD68476005D99C5 /* Sources */ = {
			isa = PBXSourcesBuildPhase;
			buildActionMask = 2147483647;
			files = (
				EF9F297D2DD7971C000F031A /* UpEventCollectionViewCell.swift in Sources */,
				EFB912C12DD9168F00FA2D28 /* LeagueDetailsViewProtocal.swift in Sources */,
				EFE725742DD68476005D99C5 /* ViewController.swift in Sources */,
				22C910242DDB99E70050BF5E /* LeaguesViewController.swift in Sources */,
				22C9102B2DDBABBB0050BF5E /* RemoteService.swift in Sources */,
				EF9F29852DD7A3E4000F031A /* LeagueDetailsCollectionViewController.swift in Sources */,
				EF9DF93C2DD7F4E00022621B /* SectionHeaderCollectionReusableView.swift in Sources */,
				22C910212DDB982A0050BF5E /* LeagueResponse.swift in Sources */,
				224EBA572DDCAADD00BB284C /* LeaguesPresenter.swift in Sources */,
				229E43662DDB86350042729E /* HomeViewController.swift in Sources */,
				EFB912BF2DD9164800FA2D28 /* LeagueDetailsPresenter.swift in Sources */,
				229E435E2DDB69FC0042729E /* Sport.swift in Sources */,
				229E43622DDB6D7D0042729E /* SportViewCell.swift in Sources */,
				EFB912BB2DD915E100FA2D28 /* Event.swift in Sources */,
				22C910182DDB95F70050BF5E /* FavoritesViewController.swift in Sources */,
				22C9102D2DDBAC2E0050BF5E /* LeagueService.swift in Sources */,
				EFE725702DD68476005D99C5 /* AppDelegate.swift in Sources */,
				224EBA5A2DDCAB2200BB284C /* LeaguesViewCell.swift in Sources */,
				EFE7257A2DD68476005D99C5 /* SportApp.xcdatamodeld in Sources */,
				22C910282DDBA9CF0050BF5E /* Constants.swift in Sources */,
				EFB912C82DD927B100FA2D28 /* ImageCollectionViewCell.swift in Sources */,
				22C910202DDB982A0050BF5E /* League.swift in Sources */,
				EFB912BD2DD915F500FA2D28 /* Team.swift in Sources */,
				EFE725722DD68476005D99C5 /* SceneDelegate.swift in Sources */,
			);
			runOnlyForDeploymentPostprocessing = 0;
		};
/* End PBXSourcesBuildPhase section */

/* Begin PBXVariantGroup section */
		EFE7257D2DD6847A005D99C5 /* LaunchScreen.storyboard */ = {
			isa = PBXVariantGroup;
			children = (
				EFE7257E2DD6847A005D99C5 /* Base */,
			);
			name = LaunchScreen.storyboard;
			sourceTree = "<group>";
		};
/* End PBXVariantGroup section */

/* Begin XCBuildConfiguration section */
		EFE725812DD6847A005D99C5 /* Debug */ = {
			isa = XCBuildConfiguration;
			buildSettings = {
				ALWAYS_SEARCH_USER_PATHS = NO;
				CLANG_ANALYZER_NONNULL = YES;
				CLANG_ANALYZER_NUMBER_OBJECT_CONVERSION = YES_AGGRESSIVE;
				CLANG_CXX_LANGUAGE_STANDARD = "gnu++20";
				CLANG_ENABLE_MODULES = YES;
				CLANG_ENABLE_OBJC_ARC = YES;
				CLANG_ENABLE_OBJC_WEAK = YES;
				CLANG_WARN_BLOCK_CAPTURE_AUTORELEASING = YES;
				CLANG_WARN_BOOL_CONVERSION = YES;
				CLANG_WARN_COMMA = YES;
				CLANG_WARN_CONSTANT_CONVERSION = YES;
				CLANG_WARN_DEPRECATED_OBJC_IMPLEMENTATIONS = YES;
				CLANG_WARN_DIRECT_OBJC_ISA_USAGE = YES_ERROR;
				CLANG_WARN_DOCUMENTATION_COMMENTS = YES;
				CLANG_WARN_EMPTY_BODY = YES;
				CLANG_WARN_ENUM_CONVERSION = YES;
				CLANG_WARN_INFINITE_RECURSION = YES;
				CLANG_WARN_INT_CONVERSION = YES;
				CLANG_WARN_NON_LITERAL_NULL_CONVERSION = YES;
				CLANG_WARN_OBJC_IMPLICIT_RETAIN_SELF = YES;
				CLANG_WARN_OBJC_LITERAL_CONVERSION = YES;
				CLANG_WARN_OBJC_ROOT_CLASS = YES_ERROR;
				CLANG_WARN_QUOTED_INCLUDE_IN_FRAMEWORK_HEADER = YES;
				CLANG_WARN_RANGE_LOOP_ANALYSIS = YES;
				CLANG_WARN_STRICT_PROTOTYPES = YES;
				CLANG_WARN_SUSPICIOUS_MOVE = YES;
				CLANG_WARN_UNGUARDED_AVAILABILITY = YES_AGGRESSIVE;
				CLANG_WARN_UNREACHABLE_CODE = YES;
				CLANG_WARN__DUPLICATE_METHOD_MATCH = YES;
				COPY_PHASE_STRIP = NO;
				DEBUG_INFORMATION_FORMAT = dwarf;
				ENABLE_STRICT_OBJC_MSGSEND = YES;
				ENABLE_TESTABILITY = YES;
				GCC_C_LANGUAGE_STANDARD = gnu11;
				GCC_DYNAMIC_NO_PIC = NO;
				GCC_NO_COMMON_BLOCKS = YES;
				GCC_OPTIMIZATION_LEVEL = 0;
				GCC_PREPROCESSOR_DEFINITIONS = (
					"DEBUG=1",
					"$(inherited)",
				);
				GCC_WARN_64_TO_32_BIT_CONVERSION = YES;
				GCC_WARN_ABOUT_RETURN_TYPE = YES_ERROR;
				GCC_WARN_UNDECLARED_SELECTOR = YES;
				GCC_WARN_UNINITIALIZED_AUTOS = YES_AGGRESSIVE;
				GCC_WARN_UNUSED_FUNCTION = YES;
				GCC_WARN_UNUSED_VARIABLE = YES;
				IPHONEOS_DEPLOYMENT_TARGET = 16.2;
				MTL_ENABLE_DEBUG_INFO = INCLUDE_SOURCE;
				MTL_FAST_MATH = YES;
				ONLY_ACTIVE_ARCH = YES;
				SDKROOT = iphoneos;
				SWIFT_ACTIVE_COMPILATION_CONDITIONS = DEBUG;
				SWIFT_OPTIMIZATION_LEVEL = "-Onone";
			};
			name = Debug;
		};
		EFE725822DD6847A005D99C5 /* Release */ = {
			isa = XCBuildConfiguration;
			buildSettings = {
				ALWAYS_SEARCH_USER_PATHS = NO;
				CLANG_ANALYZER_NONNULL = YES;
				CLANG_ANALYZER_NUMBER_OBJECT_CONVERSION = YES_AGGRESSIVE;
				CLANG_CXX_LANGUAGE_STANDARD = "gnu++20";
				CLANG_ENABLE_MODULES = YES;
				CLANG_ENABLE_OBJC_ARC = YES;
				CLANG_ENABLE_OBJC_WEAK = YES;
				CLANG_WARN_BLOCK_CAPTURE_AUTORELEASING = YES;
				CLANG_WARN_BOOL_CONVERSION = YES;
				CLANG_WARN_COMMA = YES;
				CLANG_WARN_CONSTANT_CONVERSION = YES;
				CLANG_WARN_DEPRECATED_OBJC_IMPLEMENTATIONS = YES;
				CLANG_WARN_DIRECT_OBJC_ISA_USAGE = YES_ERROR;
				CLANG_WARN_DOCUMENTATION_COMMENTS = YES;
				CLANG_WARN_EMPTY_BODY = YES;
				CLANG_WARN_ENUM_CONVERSION = YES;
				CLANG_WARN_INFINITE_RECURSION = YES;
				CLANG_WARN_INT_CONVERSION = YES;
				CLANG_WARN_NON_LITERAL_NULL_CONVERSION = YES;
				CLANG_WARN_OBJC_IMPLICIT_RETAIN_SELF = YES;
				CLANG_WARN_OBJC_LITERAL_CONVERSION = YES;
				CLANG_WARN_OBJC_ROOT_CLASS = YES_ERROR;
				CLANG_WARN_QUOTED_INCLUDE_IN_FRAMEWORK_HEADER = YES;
				CLANG_WARN_RANGE_LOOP_ANALYSIS = YES;
				CLANG_WARN_STRICT_PROTOTYPES = YES;
				CLANG_WARN_SUSPICIOUS_MOVE = YES;
				CLANG_WARN_UNGUARDED_AVAILABILITY = YES_AGGRESSIVE;
				CLANG_WARN_UNREACHABLE_CODE = YES;
				CLANG_WARN__DUPLICATE_METHOD_MATCH = YES;
				COPY_PHASE_STRIP = NO;
				DEBUG_INFORMATION_FORMAT = "dwarf-with-dsym";
				ENABLE_NS_ASSERTIONS = NO;
				ENABLE_STRICT_OBJC_MSGSEND = YES;
				GCC_C_LANGUAGE_STANDARD = gnu11;
				GCC_NO_COMMON_BLOCKS = YES;
				GCC_WARN_64_TO_32_BIT_CONVERSION = YES;
				GCC_WARN_ABOUT_RETURN_TYPE = YES_ERROR;
				GCC_WARN_UNDECLARED_SELECTOR = YES;
				GCC_WARN_UNINITIALIZED_AUTOS = YES_AGGRESSIVE;
				GCC_WARN_UNUSED_FUNCTION = YES;
				GCC_WARN_UNUSED_VARIABLE = YES;
				IPHONEOS_DEPLOYMENT_TARGET = 16.2;
				MTL_ENABLE_DEBUG_INFO = NO;
				MTL_FAST_MATH = YES;
				SDKROOT = iphoneos;
				SWIFT_COMPILATION_MODE = wholemodule;
				SWIFT_OPTIMIZATION_LEVEL = "-O";
				VALIDATE_PRODUCT = YES;
			};
			name = Release;
		};
		EFE725842DD6847A005D99C5 /* Debug */ = {
			isa = XCBuildConfiguration;
			buildSettings = {
				ASSETCATALOG_COMPILER_APPICON_NAME = AppIcon;
				ASSETCATALOG_COMPILER_GLOBAL_ACCENT_COLOR_NAME = AccentColor;
				CODE_SIGN_STYLE = Automatic;
				CURRENT_PROJECT_VERSION = 1;
				GENERATE_INFOPLIST_FILE = YES;
				INFOPLIST_FILE = SportApp/Info.plist;
				INFOPLIST_KEY_UIApplicationSupportsIndirectInputEvents = YES;
				INFOPLIST_KEY_UILaunchStoryboardName = "";
				INFOPLIST_KEY_UIStatusBarStyle = "";
				INFOPLIST_KEY_UISupportedInterfaceOrientations_iPad = "UIInterfaceOrientationPortrait UIInterfaceOrientationPortraitUpsideDown UIInterfaceOrientationLandscapeLeft UIInterfaceOrientationLandscapeRight";
				INFOPLIST_KEY_UISupportedInterfaceOrientations_iPhone = "UIInterfaceOrientationPortrait UIInterfaceOrientationLandscapeLeft UIInterfaceOrientationLandscapeRight";
				LD_RUNPATH_SEARCH_PATHS = (
					"$(inherited)",
					"@executable_path/Frameworks",
				);
				MARKETING_VERSION = 1.0;
				PRODUCT_BUNDLE_IDENTIFIER = iti.SportApp;
				PRODUCT_NAME = "$(TARGET_NAME)";
				SWIFT_EMIT_LOC_STRINGS = YES;
				SWIFT_VERSION = 5.0;
				TARGETED_DEVICE_FAMILY = "1,2";
			};
			name = Debug;
		};
		EFE725852DD6847A005D99C5 /* Release */ = {
			isa = XCBuildConfiguration;
			buildSettings = {
				ASSETCATALOG_COMPILER_APPICON_NAME = AppIcon;
				ASSETCATALOG_COMPILER_GLOBAL_ACCENT_COLOR_NAME = AccentColor;
				CODE_SIGN_STYLE = Automatic;
				CURRENT_PROJECT_VERSION = 1;
				GENERATE_INFOPLIST_FILE = YES;
				INFOPLIST_FILE = SportApp/Info.plist;
				INFOPLIST_KEY_UIApplicationSupportsIndirectInputEvents = YES;
				INFOPLIST_KEY_UILaunchStoryboardName = "";
				INFOPLIST_KEY_UIStatusBarStyle = "";
				INFOPLIST_KEY_UISupportedInterfaceOrientations_iPad = "UIInterfaceOrientationPortrait UIInterfaceOrientationPortraitUpsideDown UIInterfaceOrientationLandscapeLeft UIInterfaceOrientationLandscapeRight";
				INFOPLIST_KEY_UISupportedInterfaceOrientations_iPhone = "UIInterfaceOrientationPortrait UIInterfaceOrientationLandscapeLeft UIInterfaceOrientationLandscapeRight";
				LD_RUNPATH_SEARCH_PATHS = (
					"$(inherited)",
					"@executable_path/Frameworks",
				);
				MARKETING_VERSION = 1.0;
				PRODUCT_BUNDLE_IDENTIFIER = iti.SportApp;
				PRODUCT_NAME = "$(TARGET_NAME)";
				SWIFT_EMIT_LOC_STRINGS = YES;
				SWIFT_VERSION = 5.0;
				TARGETED_DEVICE_FAMILY = "1,2";
			};
			name = Release;
		};
/* End XCBuildConfiguration section */

/* Begin XCConfigurationList section */
		EFE725672DD68476005D99C5 /* Build configuration list for PBXProject "SportApp" */ = {
			isa = XCConfigurationList;
			buildConfigurations = (
				EFE725812DD6847A005D99C5 /* Debug */,
				EFE725822DD6847A005D99C5 /* Release */,
			);
			defaultConfigurationIsVisible = 0;
			defaultConfigurationName = Release;
		};
		EFE725832DD6847A005D99C5 /* Build configuration list for PBXNativeTarget "SportApp" */ = {
			isa = XCConfigurationList;
			buildConfigurations = (
				EFE725842DD6847A005D99C5 /* Debug */,
				EFE725852DD6847A005D99C5 /* Release */,
			);
			defaultConfigurationIsVisible = 0;
			defaultConfigurationName = Release;
		};
/* End XCConfigurationList section */

/* Begin XCRemoteSwiftPackageReference section */
		2219BF3A2DDD519400811F67 /* XCRemoteSwiftPackageReference "SDWebImage" */ = {
			isa = XCRemoteSwiftPackageReference;
			repositoryURL = "git@github.com:SDWebImage/SDWebImage.git";
			requirement = {
				kind = exactVersion;
				version = 5.14.0;
			};
		};
		22C910382DDBB3610050BF5E /* XCRemoteSwiftPackageReference "Alamofire" */ = {
			isa = XCRemoteSwiftPackageReference;
			repositoryURL = "https://github.com/Alamofire/Alamofire.git";
			requirement = {
				kind = exactVersion;
				version = 5.9.1;
			};
		};
/* End XCRemoteSwiftPackageReference section */

/* Begin XCSwiftPackageProductDependency section */
		2219BF3B2DDD519400811F67 /* SDWebImage */ = {
			isa = XCSwiftPackageProductDependency;
			package = 2219BF3A2DDD519400811F67 /* XCRemoteSwiftPackageReference "SDWebImage" */;
			productName = SDWebImage;
		};
		22C910392DDBB3610050BF5E /* Alamofire */ = {
			isa = XCSwiftPackageProductDependency;
			package = 22C910382DDBB3610050BF5E /* XCRemoteSwiftPackageReference "Alamofire" */;
			productName = Alamofire;
		};
/* End XCSwiftPackageProductDependency section */

/* Begin XCVersionGroup section */
		EFE725782DD68476005D99C5 /* SportApp.xcdatamodeld */ = {
			isa = XCVersionGroup;
			children = (
				EFE725792DD68476005D99C5 /* SportApp.xcdatamodel */,
			);
			currentVersion = EFE725792DD68476005D99C5 /* SportApp.xcdatamodel */;
			path = SportApp.xcdatamodeld;
			sourceTree = "<group>";
			versionGroupType = wrapper.xcdatamodel;
		};
/* End XCVersionGroup section */
	};
	rootObject = EFE725642DD68476005D99C5 /* Project object */;
}
