// !$*UTF8*$!
{
	archiveVersion = 1;
	classes = {
	};
	objectVersion = 56;
	objects = {

/* Begin PBXBuildFile section */
		2228452C2DDFE4D000E149F0 /* LocalDataSource.swift in Sources */ = {isa = PBXBuildFile; fileRef = 2228452B2DDFE4D000E149F0 /* LocalDataSource.swift */; };
		2228452E2DDFE8E300E149F0 /* LocalSource.swift in Sources */ = {isa = PBXBuildFile; fileRef = 2228452D2DDFE8E300E149F0 /* LocalSource.swift */; };
		222845302DDFFB5800E149F0 /* viewControllerExtension.swift in Sources */ = {isa = PBXBuildFile; fileRef = 2228452F2DDFFB5800E149F0 /* viewControllerExtension.swift */; };
		222845322DDFFB8A00E149F0 /* LeagueCellDelegate.swift in Sources */ = {isa = PBXBuildFile; fileRef = 222845312DDFFB8A00E149F0 /* LeagueCellDelegate.swift */; };
		222845372DDFFE6000E149F0 /* FavoriteViewCell.swift in Sources */ = {isa = PBXBuildFile; fileRef = 222845352DDFFE6000E149F0 /* FavoriteViewCell.swift */; };
		222845382DDFFE6000E149F0 /* FavoriteViewCell.xib in Resources */ = {isa = PBXBuildFile; fileRef = 222845362DDFFE6000E149F0 /* FavoriteViewCell.xib */; };
		2228453A2DE0019700E149F0 /* FavoritePresenter.swift in Sources */ = {isa = PBXBuildFile; fileRef = 222845392DE0019700E149F0 /* FavoritePresenter.swift */; };
		2228453D2DE004FC00E149F0 /* FavoriteViewProtocol.swift in Sources */ = {isa = PBXBuildFile; fileRef = 2228453C2DE004FC00E149F0 /* FavoriteViewProtocol.swift */; };
		224EBA572DDCAADD00BB284C /* LeaguesPresenter.swift in Sources */ = {isa = PBXBuildFile; fileRef = 224EBA562DDCAADD00BB284C /* LeaguesPresenter.swift */; };
		224EBA5A2DDCAB2200BB284C /* LeaguesViewCell.swift in Sources */ = {isa = PBXBuildFile; fileRef = 224EBA582DDCAB2200BB284C /* LeaguesViewCell.swift */; };
		224EBA5B2DDCAB2200BB284C /* LeaguesViewCell.xib in Resources */ = {isa = PBXBuildFile; fileRef = 224EBA592DDCAB2200BB284C /* LeaguesViewCell.xib */; };
		2258B7A02DE1BCD600655CC2 /* MockFavoriteView.swift in Sources */ = {isa = PBXBuildFile; fileRef = 2258B79F2DE1BCD600655CC2 /* MockFavoriteView.swift */; };
		2258B7A32DE1BFEC00655CC2 /* MockLeagueView.swift in Sources */ = {isa = PBXBuildFile; fileRef = 2258B7A22DE1BFEC00655CC2 /* MockLeagueView.swift */; };
		2258B7A52DE1C02400655CC2 /* MockRemoteService.swift in Sources */ = {isa = PBXBuildFile; fileRef = 2258B7A42DE1C02400655CC2 /* MockRemoteService.swift */; };
		2258B7A72DE1C06000655CC2 /* MockLocalSource.swift in Sources */ = {isa = PBXBuildFile; fileRef = 2258B7A62DE1C06000655CC2 /* MockLocalSource.swift */; };
		2258B7A92DE1C0B400655CC2 /* LeaguesPresenterTests.swift in Sources */ = {isa = PBXBuildFile; fileRef = 2258B7A82DE1C0B400655CC2 /* LeaguesPresenterTests.swift */; };
		229E435E2DDB69FC0042729E /* Sport.swift in Sources */ = {isa = PBXBuildFile; fileRef = 229E435D2DDB69FC0042729E /* Sport.swift */; };
		229E43622DDB6D7D0042729E /* SportViewCell.swift in Sources */ = {isa = PBXBuildFile; fileRef = 229E43602DDB6D7D0042729E /* SportViewCell.swift */; };
		229E43632DDB6D7D0042729E /* SportViewCell.xib in Resources */ = {isa = PBXBuildFile; fileRef = 229E43612DDB6D7D0042729E /* SportViewCell.xib */; };
		229E43662DDB86350042729E /* HomeViewController.swift in Sources */ = {isa = PBXBuildFile; fileRef = 229E43642DDB86350042729E /* HomeViewController.swift */; };
		229E43672DDB86350042729E /* HomeViewController.xib in Resources */ = {isa = PBXBuildFile; fileRef = 229E43652DDB86350042729E /* HomeViewController.xib */; };
		22A30FD32DDF8BBF007EA355 /* LeagueViewContract.swift in Sources */ = {isa = PBXBuildFile; fileRef = 22A30FD22DDF8BBF007EA355 /* LeagueViewContract.swift */; };
		22BD111A2DE1349A00E18405 /* LocalDataSourceTests.swift in Sources */ = {isa = PBXBuildFile; fileRef = 22BD11192DE1349A00E18405 /* LocalDataSourceTests.swift */; };
		22BD11222DE13AD300E18405 /* MockLocalDataSource.swift in Sources */ = {isa = PBXBuildFile; fileRef = 22BD11212DE13AD300E18405 /* MockLocalDataSource.swift */; };
		22BD11242DE13B2000E18405 /* FavoritePresenterTests.swift in Sources */ = {isa = PBXBuildFile; fileRef = 22BD11232DE13B2000E18405 /* FavoritePresenterTests.swift */; };
		22BD11262DE13B6400E18405 /* Reachability in Frameworks */ = {isa = PBXBuildFile; productRef = 22BD11252DE13B6400E18405 /* Reachability */; };
		22BD3CA92DE12B65004F5540 /* SportAppTests.swift in Sources */ = {isa = PBXBuildFile; fileRef = 22BD3CA82DE12B65004F5540 /* SportAppTests.swift */; };
		22BD3CB02DE12BB1004F5540 /* LeagueServiceTests.swift in Sources */ = {isa = PBXBuildFile; fileRef = 22BD3CAF2DE12BB1004F5540 /* LeagueServiceTests.swift */; };
		22BD3CB52DE12DBF004F5540 /* SDWebImage in Frameworks */ = {isa = PBXBuildFile; productRef = 22BD3CB42DE12DBF004F5540 /* SDWebImage */; };
		22C910182DDB95F70050BF5E /* FavoritesViewController.swift in Sources */ = {isa = PBXBuildFile; fileRef = 22C910172DDB95F70050BF5E /* FavoritesViewController.swift */; };
		22C9101A2DDB97800050BF5E /* FavoritesViewController.xib in Resources */ = {isa = PBXBuildFile; fileRef = 22C910192DDB97800050BF5E /* FavoritesViewController.xib */; };
		22C910202DDB982A0050BF5E /* League.swift in Sources */ = {isa = PBXBuildFile; fileRef = 22C9101E2DDB982A0050BF5E /* League.swift */; };
		22C910212DDB982A0050BF5E /* LeagueResponse.swift in Sources */ = {isa = PBXBuildFile; fileRef = 22C9101F2DDB982A0050BF5E /* LeagueResponse.swift */; };
		22C910242DDB99E70050BF5E /* LeaguesViewController.swift in Sources */ = {isa = PBXBuildFile; fileRef = 22C910222DDB99E70050BF5E /* LeaguesViewController.swift */; };
		22C910252DDB99E70050BF5E /* LeaguesViewController.xib in Resources */ = {isa = PBXBuildFile; fileRef = 22C910232DDB99E70050BF5E /* LeaguesViewController.xib */; };
		22C910282DDBA9CF0050BF5E /* Constants.swift in Sources */ = {isa = PBXBuildFile; fileRef = 22C910272DDBA9CF0050BF5E /* Constants.swift */; };
		22C9102B2DDBABBB0050BF5E /* RemoteService.swift in Sources */ = {isa = PBXBuildFile; fileRef = 22C9102A2DDBABBB0050BF5E /* RemoteService.swift */; };
		22C9102D2DDBAC2E0050BF5E /* LeagueService.swift in Sources */ = {isa = PBXBuildFile; fileRef = 22C9102C2DDBAC2E0050BF5E /* LeagueService.swift */; };
		22C9103A2DDBB3610050BF5E /* Alamofire in Frameworks */ = {isa = PBXBuildFile; productRef = 22C910392DDBB3610050BF5E /* Alamofire */; };
		EF6C9AE12DDF802D00AB16D9 /* TeamDetailsTableViewController.swift in Sources */ = {isa = PBXBuildFile; fileRef = EF6C9ADF2DDF802D00AB16D9 /* TeamDetailsTableViewController.swift */; };
		EF6C9AE22DDF802D00AB16D9 /* TeamDetailsTableViewController.xib in Resources */ = {isa = PBXBuildFile; fileRef = EF6C9AE02DDF802D00AB16D9 /* TeamDetailsTableViewController.xib */; };
		EF6C9AE52DDF809000AB16D9 /* PlayersTableViewCell.swift in Sources */ = {isa = PBXBuildFile; fileRef = EF6C9AE32DDF809000AB16D9 /* PlayersTableViewCell.swift */; };
		EF6C9AE62DDF809000AB16D9 /* PlayersTableViewCell.xib in Resources */ = {isa = PBXBuildFile; fileRef = EF6C9AE42DDF809000AB16D9 /* PlayersTableViewCell.xib */; };
		EF6C9AE92DDF8A6B00AB16D9 /* TeamTableViewCell.swift in Sources */ = {isa = PBXBuildFile; fileRef = EF6C9AE72DDF8A6B00AB16D9 /* TeamTableViewCell.swift */; };
		EF6C9AEA2DDF8A6B00AB16D9 /* TeamTableViewCell.xib in Resources */ = {isa = PBXBuildFile; fileRef = EF6C9AE82DDF8A6B00AB16D9 /* TeamTableViewCell.xib */; };
		EF9F297D2DD7971C000F031A /* UpEventCollectionViewCell.swift in Sources */ = {isa = PBXBuildFile; fileRef = EF9F297B2DD7971C000F031A /* UpEventCollectionViewCell.swift */; };
		EF9F297E2DD7971C000F031A /* UpEventCollectionViewCell.xib in Resources */ = {isa = PBXBuildFile; fileRef = EF9F297C2DD7971C000F031A /* UpEventCollectionViewCell.xib */; };
		EF9F29852DD7A3E4000F031A /* LeagueDetailsCollectionViewController.swift in Sources */ = {isa = PBXBuildFile; fileRef = EF9F29832DD7A3E4000F031A /* LeagueDetailsCollectionViewController.swift */; };
		EF9F29862DD7A3E4000F031A /* LeagueDetailsCollectionViewController.xib in Resources */ = {isa = PBXBuildFile; fileRef = EF9F29842DD7A3E4000F031A /* LeagueDetailsCollectionViewController.xib */; };
		EFA0C2332DDFBB6800DAA477 /* latestCollectionViewCell.swift in Sources */ = {isa = PBXBuildFile; fileRef = EFA0C2312DDFBB6800DAA477 /* latestCollectionViewCell.swift */; };
		EFA0C2342DDFBB6800DAA477 /* latestCollectionViewCell.xib in Resources */ = {isa = PBXBuildFile; fileRef = EFA0C2322DDFBB6800DAA477 /* latestCollectionViewCell.xib */; };
		EFA1BDB62DE0E800005EBC19 /* Reachability in Frameworks */ = {isa = PBXBuildFile; productRef = EFA1BDB52DE0E800005EBC19 /* Reachability */; };
		EFA225472DE242F200FCF420 /* MockaLeaguesDetailsView.swift in Sources */ = {isa = PBXBuildFile; fileRef = EFA225462DE242F200FCF420 /* MockaLeaguesDetailsView.swift */; };
		EFA225492DE2430C00FCF420 /* MockaRemoteServices.swift in Sources */ = {isa = PBXBuildFile; fileRef = EFA225482DE2430C00FCF420 /* MockaRemoteServices.swift */; };
		EFA2254B2DE2432700FCF420 /* LaguesDetailsPresenter.swift in Sources */ = {isa = PBXBuildFile; fileRef = EFA2254A2DE2432700FCF420 /* LaguesDetailsPresenter.swift */; };
		EFA2254D2DE2434100FCF420 /* LeaguesDetailsPresenterTest.swift in Sources */ = {isa = PBXBuildFile; fileRef = EFA2254C2DE2434100FCF420 /* LeaguesDetailsPresenterTest.swift */; };
		EFA4196E2DE11362007D4755 /* NoDataCollectionViewCell.swift in Sources */ = {isa = PBXBuildFile; fileRef = EFA4196C2DE11362007D4755 /* NoDataCollectionViewCell.swift */; };
		EFA4196F2DE11362007D4755 /* NoDataCollectionViewCell.xib in Resources */ = {isa = PBXBuildFile; fileRef = EFA4196D2DE11362007D4755 /* NoDataCollectionViewCell.xib */; };
		EFB912BB2DD915E100FA2D28 /* Event.swift in Sources */ = {isa = PBXBuildFile; fileRef = EFB912BA2DD915E100FA2D28 /* Event.swift */; };
		EFB912BD2DD915F500FA2D28 /* Team.swift in Sources */ = {isa = PBXBuildFile; fileRef = EFB912BC2DD915F500FA2D28 /* Team.swift */; };
		EFB912BF2DD9164800FA2D28 /* LeagueDetailsPresenter.swift in Sources */ = {isa = PBXBuildFile; fileRef = EFB912BE2DD9164800FA2D28 /* LeagueDetailsPresenter.swift */; };
		EFB912C12DD9168F00FA2D28 /* LeagueDetailsViewProtocal.swift in Sources */ = {isa = PBXBuildFile; fileRef = EFB912C02DD9168F00FA2D28 /* LeagueDetailsViewProtocal.swift */; };
		EFB912C82DD927B100FA2D28 /* ImageCollectionViewCell.swift in Sources */ = {isa = PBXBuildFile; fileRef = EFB912C62DD927B100FA2D28 /* ImageCollectionViewCell.swift */; };
		EFB912C92DD927B100FA2D28 /* ImageCollectionViewCell.xib in Resources */ = {isa = PBXBuildFile; fileRef = EFB912C72DD927B100FA2D28 /* ImageCollectionViewCell.xib */; };
		EFBAE5402DDBF26D00028A44 /* UpcamingEvents.swift in Sources */ = {isa = PBXBuildFile; fileRef = EFBAE53F2DDBF26D00028A44 /* UpcamingEvents.swift */; };
		EFBAE5422DDBF28600028A44 /* LatestEvent.swift in Sources */ = {isa = PBXBuildFile; fileRef = EFBAE5412DDBF28600028A44 /* LatestEvent.swift */; };
		EFBAE5442DDBF3DD00028A44 /* LeaguesDetailsServices.swift in Sources */ = {isa = PBXBuildFile; fileRef = EFBAE5432DDBF3DD00028A44 /* LeaguesDetailsServices.swift */; };
		EFDD51192DDBD50C002021AC /* HeaderSectionCollectionReusableView.swift in Sources */ = {isa = PBXBuildFile; fileRef = EFDD51172DDBD50C002021AC /* HeaderSectionCollectionReusableView.swift */; };
		EFDD511A2DDBD50C002021AC /* HeaderSectionCollectionReusableView.xib in Resources */ = {isa = PBXBuildFile; fileRef = EFDD51182DDBD50C002021AC /* HeaderSectionCollectionReusableView.xib */; };
		EFE725702DD68476005D99C5 /* AppDelegate.swift in Sources */ = {isa = PBXBuildFile; fileRef = EFE7256F2DD68476005D99C5 /* AppDelegate.swift */; };
		EFE725722DD68476005D99C5 /* SceneDelegate.swift in Sources */ = {isa = PBXBuildFile; fileRef = EFE725712DD68476005D99C5 /* SceneDelegate.swift */; };
		EFE725742DD68476005D99C5 /* ViewController.swift in Sources */ = {isa = PBXBuildFile; fileRef = EFE725732DD68476005D99C5 /* ViewController.swift */; };
		EFE7257A2DD68476005D99C5 /* SportApp.xcdatamodeld in Sources */ = {isa = PBXBuildFile; fileRef = EFE725782DD68476005D99C5 /* SportApp.xcdatamodeld */; };
		EFE7257C2DD6847A005D99C5 /* Assets.xcassets in Resources */ = {isa = PBXBuildFile; fileRef = EFE7257B2DD6847A005D99C5 /* Assets.xcassets */; };
		EFE7257F2DD6847A005D99C5 /* LaunchScreen.storyboard in Resources */ = {isa = PBXBuildFile; fileRef = EFE7257D2DD6847A005D99C5 /* LaunchScreen.storyboard */; };
		EFF821872DDE19A800231A5D /* SDWebImage in Frameworks */ = {isa = PBXBuildFile; productRef = EFF821862DDE19A800231A5D /* SDWebImage */; };
/* End PBXBuildFile section */

/* Begin PBXContainerItemProxy section */
		22BD3CAA2DE12B65004F5540 /* PBXContainerItemProxy */ = {
			isa = PBXContainerItemProxy;
			containerPortal = EFE725642DD68476005D99C5 /* Project object */;
			proxyType = 1;
			remoteGlobalIDString = EFE7256B2DD68476005D99C5;
			remoteInfo = SportApp;
		};
/* End PBXContainerItemProxy section */

/* Begin PBXFileReference section */
		2228452B2DDFE4D000E149F0 /* LocalDataSource.swift */ = {isa = PBXFileReference; lastKnownFileType = sourcecode.swift; path = LocalDataSource.swift; sourceTree = "<group>"; };
		2228452D2DDFE8E300E149F0 /* LocalSource.swift */ = {isa = PBXFileReference; lastKnownFileType = sourcecode.swift; path = LocalSource.swift; sourceTree = "<group>"; };
		2228452F2DDFFB5800E149F0 /* viewControllerExtension.swift */ = {isa = PBXFileReference; lastKnownFileType = sourcecode.swift; path = viewControllerExtension.swift; sourceTree = "<group>"; };
		222845312DDFFB8A00E149F0 /* LeagueCellDelegate.swift */ = {isa = PBXFileReference; lastKnownFileType = sourcecode.swift; path = LeagueCellDelegate.swift; sourceTree = "<group>"; };
		222845352DDFFE6000E149F0 /* FavoriteViewCell.swift */ = {isa = PBXFileReference; lastKnownFileType = sourcecode.swift; path = FavoriteViewCell.swift; sourceTree = "<group>"; };
		222845362DDFFE6000E149F0 /* FavoriteViewCell.xib */ = {isa = PBXFileReference; lastKnownFileType = file.xib; path = FavoriteViewCell.xib; sourceTree = "<group>"; };
		222845392DE0019700E149F0 /* FavoritePresenter.swift */ = {isa = PBXFileReference; lastKnownFileType = sourcecode.swift; path = FavoritePresenter.swift; sourceTree = "<group>"; };
		2228453C2DE004FC00E149F0 /* FavoriteViewProtocol.swift */ = {isa = PBXFileReference; lastKnownFileType = sourcecode.swift; path = FavoriteViewProtocol.swift; sourceTree = "<group>"; };
		224EBA562DDCAADD00BB284C /* LeaguesPresenter.swift */ = {isa = PBXFileReference; lastKnownFileType = sourcecode.swift; path = LeaguesPresenter.swift; sourceTree = "<group>"; };
		224EBA582DDCAB2200BB284C /* LeaguesViewCell.swift */ = {isa = PBXFileReference; lastKnownFileType = sourcecode.swift; path = LeaguesViewCell.swift; sourceTree = "<group>"; };
		224EBA592DDCAB2200BB284C /* LeaguesViewCell.xib */ = {isa = PBXFileReference; lastKnownFileType = file.xib; path = LeaguesViewCell.xib; sourceTree = "<group>"; };
		2258B79F2DE1BCD600655CC2 /* MockFavoriteView.swift */ = {isa = PBXFileReference; lastKnownFileType = sourcecode.swift; path = MockFavoriteView.swift; sourceTree = "<group>"; };
		2258B7A22DE1BFEC00655CC2 /* MockLeagueView.swift */ = {isa = PBXFileReference; lastKnownFileType = sourcecode.swift; path = MockLeagueView.swift; sourceTree = "<group>"; };
		2258B7A42DE1C02400655CC2 /* MockRemoteService.swift */ = {isa = PBXFileReference; lastKnownFileType = sourcecode.swift; path = MockRemoteService.swift; sourceTree = "<group>"; };
		2258B7A62DE1C06000655CC2 /* MockLocalSource.swift */ = {isa = PBXFileReference; lastKnownFileType = sourcecode.swift; path = MockLocalSource.swift; sourceTree = "<group>"; };
		2258B7A82DE1C0B400655CC2 /* LeaguesPresenterTests.swift */ = {isa = PBXFileReference; lastKnownFileType = sourcecode.swift; path = LeaguesPresenterTests.swift; sourceTree = "<group>"; };
		229E435D2DDB69FC0042729E /* Sport.swift */ = {isa = PBXFileReference; lastKnownFileType = sourcecode.swift; path = Sport.swift; sourceTree = "<group>"; };
		229E43602DDB6D7D0042729E /* SportViewCell.swift */ = {isa = PBXFileReference; lastKnownFileType = sourcecode.swift; path = SportViewCell.swift; sourceTree = "<group>"; };
		229E43612DDB6D7D0042729E /* SportViewCell.xib */ = {isa = PBXFileReference; lastKnownFileType = file.xib; path = SportViewCell.xib; sourceTree = "<group>"; };
		229E43642DDB86350042729E /* HomeViewController.swift */ = {isa = PBXFileReference; lastKnownFileType = sourcecode.swift; path = HomeViewController.swift; sourceTree = "<group>"; };
		229E43652DDB86350042729E /* HomeViewController.xib */ = {isa = PBXFileReference; lastKnownFileType = file.xib; path = HomeViewController.xib; sourceTree = "<group>"; };
		22A30FD22DDF8BBF007EA355 /* LeagueViewContract.swift */ = {isa = PBXFileReference; lastKnownFileType = sourcecode.swift; path = LeagueViewContract.swift; sourceTree = "<group>"; };
		22A30FD62DDF936C007EA355 /* LocalLeague.xcdatamodel */ = {isa = PBXFileReference; lastKnownFileType = wrapper.xcdatamodel; path = LocalLeague.xcdatamodel; sourceTree = "<group>"; };
		22BD11192DE1349A00E18405 /* LocalDataSourceTests.swift */ = {isa = PBXFileReference; lastKnownFileType = sourcecode.swift; path = LocalDataSourceTests.swift; sourceTree = "<group>"; };
		22BD11212DE13AD300E18405 /* MockLocalDataSource.swift */ = {isa = PBXFileReference; lastKnownFileType = sourcecode.swift; path = MockLocalDataSource.swift; sourceTree = "<group>"; };
		22BD11232DE13B2000E18405 /* FavoritePresenterTests.swift */ = {isa = PBXFileReference; lastKnownFileType = sourcecode.swift; path = FavoritePresenterTests.swift; sourceTree = "<group>"; };
		22BD3CA62DE12B65004F5540 /* SportAppTests.xctest */ = {isa = PBXFileReference; explicitFileType = wrapper.cfbundle; includeInIndex = 0; path = SportAppTests.xctest; sourceTree = BUILT_PRODUCTS_DIR; };
		22BD3CA82DE12B65004F5540 /* SportAppTests.swift */ = {isa = PBXFileReference; lastKnownFileType = sourcecode.swift; path = SportAppTests.swift; sourceTree = "<group>"; };
		22BD3CAF2DE12BB1004F5540 /* LeagueServiceTests.swift */ = {isa = PBXFileReference; lastKnownFileType = sourcecode.swift; path = LeagueServiceTests.swift; sourceTree = "<group>"; };
		22C910172DDB95F70050BF5E /* FavoritesViewController.swift */ = {isa = PBXFileReference; lastKnownFileType = sourcecode.swift; path = FavoritesViewController.swift; sourceTree = "<group>"; };
		22C910192DDB97800050BF5E /* FavoritesViewController.xib */ = {isa = PBXFileReference; fileEncoding = 4; lastKnownFileType = file.xib; path = FavoritesViewController.xib; sourceTree = "<group>"; };
		22C9101E2DDB982A0050BF5E /* League.swift */ = {isa = PBXFileReference; fileEncoding = 4; lastKnownFileType = sourcecode.swift; path = League.swift; sourceTree = "<group>"; };
		22C9101F2DDB982A0050BF5E /* LeagueResponse.swift */ = {isa = PBXFileReference; fileEncoding = 4; lastKnownFileType = sourcecode.swift; path = LeagueResponse.swift; sourceTree = "<group>"; };
		22C910222DDB99E70050BF5E /* LeaguesViewController.swift */ = {isa = PBXFileReference; lastKnownFileType = sourcecode.swift; path = LeaguesViewController.swift; sourceTree = "<group>"; };
		22C910232DDB99E70050BF5E /* LeaguesViewController.xib */ = {isa = PBXFileReference; lastKnownFileType = file.xib; path = LeaguesViewController.xib; sourceTree = "<group>"; };
		22C910272DDBA9CF0050BF5E /* Constants.swift */ = {isa = PBXFileReference; lastKnownFileType = sourcecode.swift; path = Constants.swift; sourceTree = "<group>"; };
		22C9102A2DDBABBB0050BF5E /* RemoteService.swift */ = {isa = PBXFileReference; lastKnownFileType = sourcecode.swift; path = RemoteService.swift; sourceTree = "<group>"; };
		22C9102C2DDBAC2E0050BF5E /* LeagueService.swift */ = {isa = PBXFileReference; lastKnownFileType = sourcecode.swift; path = LeagueService.swift; sourceTree = "<group>"; };
		EF6C9ADF2DDF802D00AB16D9 /* TeamDetailsTableViewController.swift */ = {isa = PBXFileReference; lastKnownFileType = sourcecode.swift; path = TeamDetailsTableViewController.swift; sourceTree = "<group>"; };
		EF6C9AE02DDF802D00AB16D9 /* TeamDetailsTableViewController.xib */ = {isa = PBXFileReference; lastKnownFileType = file.xib; path = TeamDetailsTableViewController.xib; sourceTree = "<group>"; };
		EF6C9AE32DDF809000AB16D9 /* PlayersTableViewCell.swift */ = {isa = PBXFileReference; lastKnownFileType = sourcecode.swift; path = PlayersTableViewCell.swift; sourceTree = "<group>"; };
		EF6C9AE42DDF809000AB16D9 /* PlayersTableViewCell.xib */ = {isa = PBXFileReference; lastKnownFileType = file.xib; path = PlayersTableViewCell.xib; sourceTree = "<group>"; };
		EF6C9AE72DDF8A6B00AB16D9 /* TeamTableViewCell.swift */ = {isa = PBXFileReference; lastKnownFileType = sourcecode.swift; path = TeamTableViewCell.swift; sourceTree = "<group>"; };
		EF6C9AE82DDF8A6B00AB16D9 /* TeamTableViewCell.xib */ = {isa = PBXFileReference; lastKnownFileType = file.xib; path = TeamTableViewCell.xib; sourceTree = "<group>"; };
		EF9F297B2DD7971C000F031A /* UpEventCollectionViewCell.swift */ = {isa = PBXFileReference; lastKnownFileType = sourcecode.swift; path = UpEventCollectionViewCell.swift; sourceTree = "<group>"; };
		EF9F297C2DD7971C000F031A /* UpEventCollectionViewCell.xib */ = {isa = PBXFileReference; lastKnownFileType = file.xib; path = UpEventCollectionViewCell.xib; sourceTree = "<group>"; };
		EF9F29832DD7A3E4000F031A /* LeagueDetailsCollectionViewController.swift */ = {isa = PBXFileReference; lastKnownFileType = sourcecode.swift; path = LeagueDetailsCollectionViewController.swift; sourceTree = "<group>"; };
		EF9F29842DD7A3E4000F031A /* LeagueDetailsCollectionViewController.xib */ = {isa = PBXFileReference; lastKnownFileType = file.xib; path = LeagueDetailsCollectionViewController.xib; sourceTree = "<group>"; };
		EFA0C2312DDFBB6800DAA477 /* latestCollectionViewCell.swift */ = {isa = PBXFileReference; lastKnownFileType = sourcecode.swift; path = latestCollectionViewCell.swift; sourceTree = "<group>"; };
		EFA0C2322DDFBB6800DAA477 /* latestCollectionViewCell.xib */ = {isa = PBXFileReference; lastKnownFileType = file.xib; path = latestCollectionViewCell.xib; sourceTree = "<group>"; };
		EFA225462DE242F200FCF420 /* MockaLeaguesDetailsView.swift */ = {isa = PBXFileReference; lastKnownFileType = sourcecode.swift; path = MockaLeaguesDetailsView.swift; sourceTree = "<group>"; };
		EFA225482DE2430C00FCF420 /* MockaRemoteServices.swift */ = {isa = PBXFileReference; lastKnownFileType = sourcecode.swift; path = MockaRemoteServices.swift; sourceTree = "<group>"; };
		EFA2254A2DE2432700FCF420 /* LaguesDetailsPresenter.swift */ = {isa = PBXFileReference; lastKnownFileType = sourcecode.swift; path = LaguesDetailsPresenter.swift; sourceTree = "<group>"; };
		EFA2254C2DE2434100FCF420 /* LeaguesDetailsPresenterTest.swift */ = {isa = PBXFileReference; lastKnownFileType = sourcecode.swift; path = LeaguesDetailsPresenterTest.swift; sourceTree = "<group>"; };
		EFA4196C2DE11362007D4755 /* NoDataCollectionViewCell.swift */ = {isa = PBXFileReference; lastKnownFileType = sourcecode.swift; path = NoDataCollectionViewCell.swift; sourceTree = "<group>"; };
		EFA4196D2DE11362007D4755 /* NoDataCollectionViewCell.xib */ = {isa = PBXFileReference; lastKnownFileType = file.xib; path = NoDataCollectionViewCell.xib; sourceTree = "<group>"; };
		EFB912BA2DD915E100FA2D28 /* Event.swift */ = {isa = PBXFileReference; lastKnownFileType = sourcecode.swift; path = Event.swift; sourceTree = "<group>"; };
		EFB912BC2DD915F500FA2D28 /* Team.swift */ = {isa = PBXFileReference; lastKnownFileType = sourcecode.swift; path = Team.swift; sourceTree = "<group>"; };
		EFB912BE2DD9164800FA2D28 /* LeagueDetailsPresenter.swift */ = {isa = PBXFileReference; lastKnownFileType = sourcecode.swift; path = LeagueDetailsPresenter.swift; sourceTree = "<group>"; };
		EFB912C02DD9168F00FA2D28 /* LeagueDetailsViewProtocal.swift */ = {isa = PBXFileReference; lastKnownFileType = sourcecode.swift; path = LeagueDetailsViewProtocal.swift; sourceTree = "<group>"; };
		EFB912C62DD927B100FA2D28 /* ImageCollectionViewCell.swift */ = {isa = PBXFileReference; lastKnownFileType = sourcecode.swift; path = ImageCollectionViewCell.swift; sourceTree = "<group>"; };
		EFB912C72DD927B100FA2D28 /* ImageCollectionViewCell.xib */ = {isa = PBXFileReference; lastKnownFileType = file.xib; path = ImageCollectionViewCell.xib; sourceTree = "<group>"; };
		EFBAE53F2DDBF26D00028A44 /* UpcamingEvents.swift */ = {isa = PBXFileReference; lastKnownFileType = sourcecode.swift; path = UpcamingEvents.swift; sourceTree = "<group>"; };
		EFBAE5412DDBF28600028A44 /* LatestEvent.swift */ = {isa = PBXFileReference; lastKnownFileType = sourcecode.swift; path = LatestEvent.swift; sourceTree = "<group>"; };
		EFBAE5432DDBF3DD00028A44 /* LeaguesDetailsServices.swift */ = {isa = PBXFileReference; lastKnownFileType = sourcecode.swift; path = LeaguesDetailsServices.swift; sourceTree = "<group>"; };
		EFDD51172DDBD50C002021AC /* HeaderSectionCollectionReusableView.swift */ = {isa = PBXFileReference; lastKnownFileType = sourcecode.swift; path = HeaderSectionCollectionReusableView.swift; sourceTree = "<group>"; };
		EFDD51182DDBD50C002021AC /* HeaderSectionCollectionReusableView.xib */ = {isa = PBXFileReference; lastKnownFileType = file.xib; path = HeaderSectionCollectionReusableView.xib; sourceTree = "<group>"; };
		EFE7256C2DD68476005D99C5 /* SportApp.app */ = {isa = PBXFileReference; explicitFileType = wrapper.application; includeInIndex = 0; path = SportApp.app; sourceTree = BUILT_PRODUCTS_DIR; };
		EFE7256F2DD68476005D99C5 /* AppDelegate.swift */ = {isa = PBXFileReference; lastKnownFileType = sourcecode.swift; path = AppDelegate.swift; sourceTree = "<group>"; };
		EFE725712DD68476005D99C5 /* SceneDelegate.swift */ = {isa = PBXFileReference; lastKnownFileType = sourcecode.swift; path = SceneDelegate.swift; sourceTree = "<group>"; };
		EFE725732DD68476005D99C5 /* ViewController.swift */ = {isa = PBXFileReference; lastKnownFileType = sourcecode.swift; path = ViewController.swift; sourceTree = "<group>"; };
		EFE725792DD68476005D99C5 /* SportApp.xcdatamodel */ = {isa = PBXFileReference; lastKnownFileType = wrapper.xcdatamodel; path = SportApp.xcdatamodel; sourceTree = "<group>"; };
		EFE7257B2DD6847A005D99C5 /* Assets.xcassets */ = {isa = PBXFileReference; lastKnownFileType = folder.assetcatalog; path = Assets.xcassets; sourceTree = "<group>"; };
		EFE7257E2DD6847A005D99C5 /* Base */ = {isa = PBXFileReference; lastKnownFileType = file.storyboard; name = Base; path = Base.lproj/LaunchScreen.storyboard; sourceTree = "<group>"; };
		EFE725802DD6847A005D99C5 /* Info.plist */ = {isa = PBXFileReference; lastKnownFileType = text.plist.xml; path = Info.plist; sourceTree = "<group>"; };
/* End PBXFileReference section */

/* Begin PBXFrameworksBuildPhase section */
		22BD3CA32DE12B65004F5540 /* Frameworks */ = {
			isa = PBXFrameworksBuildPhase;
			buildActionMask = 2147483647;
			files = (
				22BD3CB52DE12DBF004F5540 /* SDWebImage in Frameworks */,
				22BD11262DE13B6400E18405 /* Reachability in Frameworks */,
			);
			runOnlyForDeploymentPostprocessing = 0;
		};
		EFE725692DD68476005D99C5 /* Frameworks */ = {
			isa = PBXFrameworksBuildPhase;
			buildActionMask = 2147483647;
			files = (
				EFF821872DDE19A800231A5D /* SDWebImage in Frameworks */,
				EFA1BDB62DE0E800005EBC19 /* Reachability in Frameworks */,
				22C9103A2DDBB3610050BF5E /* Alamofire in Frameworks */,
			);
			runOnlyForDeploymentPostprocessing = 0;
		};
/* End PBXFrameworksBuildPhase section */

/* Begin PBXGroup section */
		2228452A2DDFE4B000E149F0 /* coreData */ = {
			isa = PBXGroup;
			children = (
				2228452B2DDFE4D000E149F0 /* LocalDataSource.swift */,
				2228452D2DDFE8E300E149F0 /* LocalSource.swift */,
			);
			path = coreData;
			sourceTree = "<group>";
		};
		222845332DDFFD9F00E149F0 /* presenter */ = {
			isa = PBXGroup;
			children = (
				222845392DE0019700E149F0 /* FavoritePresenter.swift */,
			);
			path = presenter;
			sourceTree = "<group>";
		};
		222845342DDFFDA900E149F0 /* model */ = {
			isa = PBXGroup;
			children = (
			);
			path = model;
			sourceTree = "<group>";
		};
		2228453B2DE004E800E149F0 /* protocols */ = {
			isa = PBXGroup;
			children = (
				2228453C2DE004FC00E149F0 /* FavoriteViewProtocol.swift */,
			);
			path = protocols;
			sourceTree = "<group>";
		};
		2258B7A12DE1BECD00655CC2 /* leagues */ = {
			isa = PBXGroup;
			children = (
				2258B7A22DE1BFEC00655CC2 /* MockLeagueView.swift */,
				2258B7A42DE1C02400655CC2 /* MockRemoteService.swift */,
				2258B7A62DE1C06000655CC2 /* MockLocalSource.swift */,
				2258B7A82DE1C0B400655CC2 /* LeaguesPresenterTests.swift */,
			);
			path = leagues;
			sourceTree = "<group>";
		};
		229E435B2DDB69560042729E /* home */ = {
			isa = PBXGroup;
			children = (
				229E435F2DDB6A100042729E /* view */,
				229E435C2DDB69650042729E /* model */,
			);
			path = home;
			sourceTree = "<group>";
		};
		229E435C2DDB69650042729E /* model */ = {
			isa = PBXGroup;
			children = (
				229E435D2DDB69FC0042729E /* Sport.swift */,
			);
			path = model;
			sourceTree = "<group>";
		};
		229E435F2DDB6A100042729E /* view */ = {
			isa = PBXGroup;
			children = (
				229E43602DDB6D7D0042729E /* SportViewCell.swift */,
				229E43612DDB6D7D0042729E /* SportViewCell.xib */,
				229E43642DDB86350042729E /* HomeViewController.swift */,
				229E43652DDB86350042729E /* HomeViewController.xib */,
			);
			path = view;
			sourceTree = "<group>";
		};
		229E43682DDB91A70042729E /* favorites */ = {
			isa = PBXGroup;
			children = (
				2228453B2DE004E800E149F0 /* protocols */,
				222845342DDFFDA900E149F0 /* model */,
				222845332DDFFD9F00E149F0 /* presenter */,
				229E436F2DDB941E0042729E /* view */,
			);
			path = favorites;
			sourceTree = "<group>";
		};
		229E436E2DDB94110042729E /* leagues */ = {
			isa = PBXGroup;
			children = (
				22A30FCF2DDF8B74007EA355 /* protocol */,
				22C9101D2DDB97DF0050BF5E /* presenter */,
				22C9101C2DDB97D50050BF5E /* view */,
				22C9101B2DDB97CD0050BF5E /* model */,
			);
			path = leagues;
			sourceTree = "<group>";
		};
		229E436F2DDB941E0042729E /* view */ = {
			isa = PBXGroup;
			children = (
				22C910172DDB95F70050BF5E /* FavoritesViewController.swift */,
				22C910192DDB97800050BF5E /* FavoritesViewController.xib */,
				222845352DDFFE6000E149F0 /* FavoriteViewCell.swift */,
				222845362DDFFE6000E149F0 /* FavoriteViewCell.xib */,
			);
			path = view;
			sourceTree = "<group>";
		};
		22A30FCF2DDF8B74007EA355 /* protocol */ = {
			isa = PBXGroup;
			children = (
				22A30FD22DDF8BBF007EA355 /* LeagueViewContract.swift */,
				222845312DDFFB8A00E149F0 /* LeagueCellDelegate.swift */,
			);
			path = protocol;
			sourceTree = "<group>";
		};
		22BD11172DE1347900E18405 /* remote */ = {
			isa = PBXGroup;
			children = (
				22BD3CAF2DE12BB1004F5540 /* LeagueServiceTests.swift */,
			);
			path = remote;
			sourceTree = "<group>";
		};
		22BD11182DE1348700E18405 /* local */ = {
			isa = PBXGroup;
			children = (
				22BD11192DE1349A00E18405 /* LocalDataSourceTests.swift */,
			);
			path = local;
			sourceTree = "<group>";
		};
		22BD111D2DE1399500E18405 /* favorite */ = {
			isa = PBXGroup;
			children = (
				22BD111E2DE1399F00E18405 /* presenter */,
			);
			path = favorite;
			sourceTree = "<group>";
		};
		22BD111E2DE1399F00E18405 /* presenter */ = {
			isa = PBXGroup;
			children = (
				22BD11212DE13AD300E18405 /* MockLocalDataSource.swift */,
				22BD11232DE13B2000E18405 /* FavoritePresenterTests.swift */,
				2258B79F2DE1BCD600655CC2 /* MockFavoriteView.swift */,
			);
			path = presenter;
			sourceTree = "<group>";
		};
		22BD3CA72DE12B65004F5540 /* SportAppTests */ = {
			isa = PBXGroup;
			children = (
				EFA225452DE242C000FCF420 /* LeaguesDetails */,
				2258B7A12DE1BECD00655CC2 /* leagues */,
				22BD111D2DE1399500E18405 /* favorite */,
				22BD11182DE1348700E18405 /* local */,
				22BD11172DE1347900E18405 /* remote */,
				22BD3CA82DE12B65004F5540 /* SportAppTests.swift */,
			);
			path = SportAppTests;
			sourceTree = "<group>";
		};
		22BD3CB32DE12DBF004F5540 /* Frameworks */ = {
			isa = PBXGroup;
			children = (
			);
			name = Frameworks;
			sourceTree = "<group>";
		};
		22C9101B2DDB97CD0050BF5E /* model */ = {
			isa = PBXGroup;
			children = (
				22C9101E2DDB982A0050BF5E /* League.swift */,
				22C9101F2DDB982A0050BF5E /* LeagueResponse.swift */,
			);
			path = model;
			sourceTree = "<group>";
		};
		22C9101C2DDB97D50050BF5E /* view */ = {
			isa = PBXGroup;
			children = (
				22C910222DDB99E70050BF5E /* LeaguesViewController.swift */,
				22C910232DDB99E70050BF5E /* LeaguesViewController.xib */,
				224EBA582DDCAB2200BB284C /* LeaguesViewCell.swift */,
				224EBA592DDCAB2200BB284C /* LeaguesViewCell.xib */,
				2228452F2DDFFB5800E149F0 /* viewControllerExtension.swift */,
			);
			path = view;
			sourceTree = "<group>";
		};
		22C9101D2DDB97DF0050BF5E /* presenter */ = {
			isa = PBXGroup;
			children = (
				224EBA562DDCAADD00BB284C /* LeaguesPresenter.swift */,
			);
			path = presenter;
			sourceTree = "<group>";
		};
		22C910262DDBA9B90050BF5E /* constants */ = {
			isa = PBXGroup;
			children = (
				22C910272DDBA9CF0050BF5E /* Constants.swift */,
			);
			path = constants;
			sourceTree = "<group>";
		};
		22C910292DDBAB7B0050BF5E /* remote */ = {
			isa = PBXGroup;
			children = (
				22C9102A2DDBABBB0050BF5E /* RemoteService.swift */,
				22C9102C2DDBAC2E0050BF5E /* LeagueService.swift */,
			);
			path = remote;
			sourceTree = "<group>";
		};
		EF636AF52DD77FC6009513A8 /* LeagueDetails */ = {
			isa = PBXGroup;
			children = (
				EFB912B92DD915AD00FA2D28 /* Protocals */,
				EFB912B82DD9159B00FA2D28 /* Presenter */,
				EFB912B72DD9157000FA2D28 /* View */,
				EFB912B62DD9156200FA2D28 /* Model */,
			);
			path = LeagueDetails;
			sourceTree = "<group>";
		};
		EF794C392DDE3694009AB469 /* TeamDetails */ = {
			isa = PBXGroup;
			children = (
				EF9C54412DDE8D74004F8C47 /* View */,
			);
			path = TeamDetails;
			sourceTree = "<group>";
		};
		EF9C54412DDE8D74004F8C47 /* View */ = {
			isa = PBXGroup;
			children = (
				EF6C9ADF2DDF802D00AB16D9 /* TeamDetailsTableViewController.swift */,
				EF6C9AE02DDF802D00AB16D9 /* TeamDetailsTableViewController.xib */,
				EF6C9AE32DDF809000AB16D9 /* PlayersTableViewCell.swift */,
				EF6C9AE42DDF809000AB16D9 /* PlayersTableViewCell.xib */,
				EF6C9AE72DDF8A6B00AB16D9 /* TeamTableViewCell.swift */,
				EF6C9AE82DDF8A6B00AB16D9 /* TeamTableViewCell.xib */,
			);
			path = View;
			sourceTree = "<group>";
		};
		EFA0C2302DDFB17400DAA477 /* Recovered References */ = {
			isa = PBXGroup;
			children = (
				22A30FD52DDF936C007EA355 /* LocalLeague.xcdatamodeld */,
			);
			name = "Recovered References";
			sourceTree = "<group>";
		};
		EFA225452DE242C000FCF420 /* LeaguesDetails */ = {
			isa = PBXGroup;
			children = (
				EFA225462DE242F200FCF420 /* MockaLeaguesDetailsView.swift */,
				EFA225482DE2430C00FCF420 /* MockaRemoteServices.swift */,
				EFA2254A2DE2432700FCF420 /* LaguesDetailsPresenter.swift */,
				EFA2254C2DE2434100FCF420 /* LeaguesDetailsPresenterTest.swift */,
			);
			path = LeaguesDetails;
			sourceTree = "<group>";
		};
		EFB912B62DD9156200FA2D28 /* Model */ = {
			isa = PBXGroup;
			children = (
				EFB912BA2DD915E100FA2D28 /* Event.swift */,
				EFB912BC2DD915F500FA2D28 /* Team.swift */,
				EFBAE53F2DDBF26D00028A44 /* UpcamingEvents.swift */,
				EFBAE5412DDBF28600028A44 /* LatestEvent.swift */,
			);
			path = Model;
			sourceTree = "<group>";
		};
		EFB912B72DD9157000FA2D28 /* View */ = {
			isa = PBXGroup;
			children = (
				EF9F297B2DD7971C000F031A /* UpEventCollectionViewCell.swift */,
				EF9F29842DD7A3E4000F031A /* LeagueDetailsCollectionViewController.xib */,
				EF9F29832DD7A3E4000F031A /* LeagueDetailsCollectionViewController.swift */,
				EF9F297C2DD7971C000F031A /* UpEventCollectionViewCell.xib */,
				EFB912C62DD927B100FA2D28 /* ImageCollectionViewCell.swift */,
				EFB912C72DD927B100FA2D28 /* ImageCollectionViewCell.xib */,
				EFA0C2312DDFBB6800DAA477 /* latestCollectionViewCell.swift */,
				EFA0C2322DDFBB6800DAA477 /* latestCollectionViewCell.xib */,
				EFA4196C2DE11362007D4755 /* NoDataCollectionViewCell.swift */,
				EFA4196D2DE11362007D4755 /* NoDataCollectionViewCell.xib */,
			);
			path = View;
			sourceTree = "<group>";
		};
		EFB912B82DD9159B00FA2D28 /* Presenter */ = {
			isa = PBXGroup;
			children = (
				EFB912BE2DD9164800FA2D28 /* LeagueDetailsPresenter.swift */,
				EFBAE5432DDBF3DD00028A44 /* LeaguesDetailsServices.swift */,
			);
			path = Presenter;
			sourceTree = "<group>";
		};
		EFB912B92DD915AD00FA2D28 /* Protocals */ = {
			isa = PBXGroup;
			children = (
				EFB912C02DD9168F00FA2D28 /* LeagueDetailsViewProtocal.swift */,
			);
			path = Protocals;
			sourceTree = "<group>";
		};
		EFE725632DD68476005D99C5 = {
			isa = PBXGroup;
			children = (
				EFE7256E2DD68476005D99C5 /* SportApp */,
				22BD3CA72DE12B65004F5540 /* SportAppTests */,
				EFE7256D2DD68476005D99C5 /* Products */,
				EFA0C2302DDFB17400DAA477 /* Recovered References */,
				22BD3CB32DE12DBF004F5540 /* Frameworks */,
			);
			sourceTree = "<group>";
		};
		EFE7256D2DD68476005D99C5 /* Products */ = {
			isa = PBXGroup;
			children = (
				EFE7256C2DD68476005D99C5 /* SportApp.app */,
				22BD3CA62DE12B65004F5540 /* SportAppTests.xctest */,
			);
			name = Products;
			sourceTree = "<group>";
		};
		EFE7256E2DD68476005D99C5 /* SportApp */ = {
			isa = PBXGroup;
			children = (
				2228452A2DDFE4B000E149F0 /* coreData */,
				EF794C392DDE3694009AB469 /* TeamDetails */,
				22C910292DDBAB7B0050BF5E /* remote */,
				22C910262DDBA9B90050BF5E /* constants */,
				229E436E2DDB94110042729E /* leagues */,
				229E43682DDB91A70042729E /* favorites */,
				229E435B2DDB69560042729E /* home */,
				EF636AF52DD77FC6009513A8 /* LeagueDetails */,
				EFE725732DD68476005D99C5 /* ViewController.swift */,
				EFE7256F2DD68476005D99C5 /* AppDelegate.swift */,
				EFE725712DD68476005D99C5 /* SceneDelegate.swift */,
				EFE7257B2DD6847A005D99C5 /* Assets.xcassets */,
				EFE7257D2DD6847A005D99C5 /* LaunchScreen.storyboard */,
				EFE725802DD6847A005D99C5 /* Info.plist */,
				EFE725782DD68476005D99C5 /* SportApp.xcdatamodeld */,
				EFDD51172DDBD50C002021AC /* HeaderSectionCollectionReusableView.swift */,
				EFDD51182DDBD50C002021AC /* HeaderSectionCollectionReusableView.xib */,
			);
			path = SportApp;
			sourceTree = "<group>";
		};
/* End PBXGroup section */

/* Begin PBXNativeTarget section */
		22BD3CA52DE12B65004F5540 /* SportAppTests */ = {
			isa = PBXNativeTarget;
			buildConfigurationList = 22BD3CAE2DE12B65004F5540 /* Build configuration list for PBXNativeTarget "SportAppTests" */;
			buildPhases = (
				22BD3CA22DE12B65004F5540 /* Sources */,
				22BD3CA32DE12B65004F5540 /* Frameworks */,
				22BD3CA42DE12B65004F5540 /* Resources */,
			);
			buildRules = (
			);
			dependencies = (
				22BD3CAB2DE12B65004F5540 /* PBXTargetDependency */,
			);
			name = SportAppTests;
			packageProductDependencies = (
				22BD3CB42DE12DBF004F5540 /* SDWebImage */,
				22BD11252DE13B6400E18405 /* Reachability */,
			);
			productName = SportAppTests;
			productReference = 22BD3CA62DE12B65004F5540 /* SportAppTests.xctest */;
			productType = "com.apple.product-type.bundle.unit-test";
		};
		EFE7256B2DD68476005D99C5 /* SportApp */ = {
			isa = PBXNativeTarget;
			buildConfigurationList = EFE725832DD6847A005D99C5 /* Build configuration list for PBXNativeTarget "SportApp" */;
			buildPhases = (
				EFE725682DD68476005D99C5 /* Sources */,
				EFE725692DD68476005D99C5 /* Frameworks */,
				EFE7256A2DD68476005D99C5 /* Resources */,
			);
			buildRules = (
			);
			dependencies = (
			);
			name = SportApp;
			packageProductDependencies = (
				22C910392DDBB3610050BF5E /* Alamofire */,
				EFF821862DDE19A800231A5D /* SDWebImage */,
				EFA1BDB52DE0E800005EBC19 /* Reachability */,
			);
			productName = SportApp;
			productReference = EFE7256C2DD68476005D99C5 /* SportApp.app */;
			productType = "com.apple.product-type.application";
		};
/* End PBXNativeTarget section */

/* Begin PBXProject section */
		EFE725642DD68476005D99C5 /* Project object */ = {
			isa = PBXProject;
			attributes = {
				BuildIndependentTargetsInParallel = 1;
				LastSwiftUpdateCheck = 1420;
				LastUpgradeCheck = 1420;
				TargetAttributes = {
					22BD3CA52DE12B65004F5540 = {
						CreatedOnToolsVersion = 14.2;
						TestTargetID = EFE7256B2DD68476005D99C5;
					};
					EFE7256B2DD68476005D99C5 = {
						CreatedOnToolsVersion = 14.2;
					};
				};
			};
			buildConfigurationList = EFE725672DD68476005D99C5 /* Build configuration list for PBXProject "SportApp" */;
			compatibilityVersion = "Xcode 14.0";
			developmentRegion = en;
			hasScannedForEncodings = 0;
			knownRegions = (
				en,
				Base,
			);
			mainGroup = EFE725632DD68476005D99C5;
			packageReferences = (
				22C910382DDBB3610050BF5E /* XCRemoteSwiftPackageReference "Alamofire" */,
				EFF821852DDE19A800231A5D /* XCRemoteSwiftPackageReference "SDWebImage" */,
				EFA1BDB42DE0E800005EBC19 /* XCRemoteSwiftPackageReference "Reachability.swift" */,
			);
			productRefGroup = EFE7256D2DD68476005D99C5 /* Products */;
			projectDirPath = "";
			projectRoot = "";
			targets = (
				EFE7256B2DD68476005D99C5 /* SportApp */,
				22BD3CA52DE12B65004F5540 /* SportAppTests */,
			);
		};
/* End PBXProject section */

/* Begin PBXResourcesBuildPhase section */
		22BD3CA42DE12B65004F5540 /* Resources */ = {
			isa = PBXResourcesBuildPhase;
			buildActionMask = 2147483647;
			files = (
			);
			runOnlyForDeploymentPostprocessing = 0;
		};
		EFE7256A2DD68476005D99C5 /* Resources */ = {
			isa = PBXResourcesBuildPhase;
			buildActionMask = 2147483647;
			files = (
				222845382DDFFE6000E149F0 /* FavoriteViewCell.xib in Resources */,
				EFE7257F2DD6847A005D99C5 /* LaunchScreen.storyboard in Resources */,
				EFA0C2342DDFBB6800DAA477 /* latestCollectionViewCell.xib in Resources */,
				EFE7257C2DD6847A005D99C5 /* Assets.xcassets in Resources */,
				EF6C9AEA2DDF8A6B00AB16D9 /* TeamTableViewCell.xib in Resources */,
				EF9F297E2DD7971C000F031A /* UpEventCollectionViewCell.xib in Resources */,
				EFA4196F2DE11362007D4755 /* NoDataCollectionViewCell.xib in Resources */,
				22C9101A2DDB97800050BF5E /* FavoritesViewController.xib in Resources */,
				EFDD511A2DDBD50C002021AC /* HeaderSectionCollectionReusableView.xib in Resources */,
				EF9F29862DD7A3E4000F031A /* LeagueDetailsCollectionViewController.xib in Resources */,
				EFB912C92DD927B100FA2D28 /* ImageCollectionViewCell.xib in Resources */,
				229E43632DDB6D7D0042729E /* SportViewCell.xib in Resources */,
				229E43672DDB86350042729E /* HomeViewController.xib in Resources */,
				EF6C9AE62DDF809000AB16D9 /* PlayersTableViewCell.xib in Resources */,
				EF6C9AE22DDF802D00AB16D9 /* TeamDetailsTableViewController.xib in Resources */,
				22C910252DDB99E70050BF5E /* LeaguesViewController.xib in Resources */,
				224EBA5B2DDCAB2200BB284C /* LeaguesViewCell.xib in Resources */,
			);
			runOnlyForDeploymentPostprocessing = 0;
		};
/* End PBXResourcesBuildPhase section */

/* Begin PBXSourcesBuildPhase section */
		22BD3CA22DE12B65004F5540 /* Sources */ = {
			isa = PBXSourcesBuildPhase;
			buildActionMask = 2147483647;
			files = (
				22BD11242DE13B2000E18405 /* FavoritePresenterTests.swift in Sources */,
				2258B7A92DE1C0B400655CC2 /* LeaguesPresenterTests.swift in Sources */,
				2258B7A52DE1C02400655CC2 /* MockRemoteService.swift in Sources */,
				2258B7A72DE1C06000655CC2 /* MockLocalSource.swift in Sources */,
				22BD111A2DE1349A00E18405 /* LocalDataSourceTests.swift in Sources */,
				EFA2254B2DE2432700FCF420 /* LaguesDetailsPresenter.swift in Sources */,
				2258B7A02DE1BCD600655CC2 /* MockFavoriteView.swift in Sources */,
				2258B7A32DE1BFEC00655CC2 /* MockLeagueView.swift in Sources */,
				EFA225492DE2430C00FCF420 /* MockaRemoteServices.swift in Sources */,
				22BD3CB02DE12BB1004F5540 /* LeagueServiceTests.swift in Sources */,
				EFA2254D2DE2434100FCF420 /* LeaguesDetailsPresenterTest.swift in Sources */,
				22BD3CA92DE12B65004F5540 /* SportAppTests.swift in Sources */,
				22BD11222DE13AD300E18405 /* MockLocalDataSource.swift in Sources */,
				EFA225472DE242F200FCF420 /* MockaLeaguesDetailsView.swift in Sources */,
			);
			runOnlyForDeploymentPostprocessing = 0;
		};
		EFE725682DD68476005D99C5 /* Sources */ = {
			isa = PBXSourcesBuildPhase;
			buildActionMask = 2147483647;
			files = (
				EF9F297D2DD7971C000F031A /* UpEventCollectionViewCell.swift in Sources */,
				EFB912C12DD9168F00FA2D28 /* LeagueDetailsViewProtocal.swift in Sources */,
				EFE725742DD68476005D99C5 /* ViewController.swift in Sources */,
				22C910242DDB99E70050BF5E /* LeaguesViewController.swift in Sources */,
				22C9102B2DDBABBB0050BF5E /* RemoteService.swift in Sources */,
				EF9F29852DD7A3E4000F031A /* LeagueDetailsCollectionViewController.swift in Sources */,
				22C910212DDB982A0050BF5E /* LeagueResponse.swift in Sources */,
				224EBA572DDCAADD00BB284C /* LeaguesPresenter.swift in Sources */,
				229E43662DDB86350042729E /* HomeViewController.swift in Sources */,
				EF6C9AE92DDF8A6B00AB16D9 /* TeamTableViewCell.swift in Sources */,
				2228453A2DE0019700E149F0 /* FavoritePresenter.swift in Sources */,
				EFBAE5442DDBF3DD00028A44 /* LeaguesDetailsServices.swift in Sources */,
				EFBAE5402DDBF26D00028A44 /* UpcamingEvents.swift in Sources */,
				EFDD51192DDBD50C002021AC /* HeaderSectionCollectionReusableView.swift in Sources */,
				EFA0C2332DDFBB6800DAA477 /* latestCollectionViewCell.swift in Sources */,
				EFB912BF2DD9164800FA2D28 /* LeagueDetailsPresenter.swift in Sources */,
				229E435E2DDB69FC0042729E /* Sport.swift in Sources */,
				229E43622DDB6D7D0042729E /* SportViewCell.swift in Sources */,
				22A30FD32DDF8BBF007EA355 /* LeagueViewContract.swift in Sources */,
				EFB912BB2DD915E100FA2D28 /* Event.swift in Sources */,
				22C910182DDB95F70050BF5E /* FavoritesViewController.swift in Sources */,
				22C9102D2DDBAC2E0050BF5E /* LeagueService.swift in Sources */,
				EFE725702DD68476005D99C5 /* AppDelegate.swift in Sources */,
				EFA4196E2DE11362007D4755 /* NoDataCollectionViewCell.swift in Sources */,
				224EBA5A2DDCAB2200BB284C /* LeaguesViewCell.swift in Sources */,
				EFE7257A2DD68476005D99C5 /* SportApp.xcdatamodeld in Sources */,
				2228453D2DE004FC00E149F0 /* FavoriteViewProtocol.swift in Sources */,
				222845302DDFFB5800E149F0 /* viewControllerExtension.swift in Sources */,
				22C910282DDBA9CF0050BF5E /* Constants.swift in Sources */,
				EF6C9AE52DDF809000AB16D9 /* PlayersTableViewCell.swift in Sources */,
				222845372DDFFE6000E149F0 /* FavoriteViewCell.swift in Sources */,
				2228452E2DDFE8E300E149F0 /* LocalSource.swift in Sources */,
				EF6C9AE12DDF802D00AB16D9 /* TeamDetailsTableViewController.swift in Sources */,
				EFBAE5422DDBF28600028A44 /* LatestEvent.swift in Sources */,
				EFB912C82DD927B100FA2D28 /* ImageCollectionViewCell.swift in Sources */,
				22C910202DDB982A0050BF5E /* League.swift in Sources */,
				2228452C2DDFE4D000E149F0 /* LocalDataSource.swift in Sources */,
				222845322DDFFB8A00E149F0 /* LeagueCellDelegate.swift in Sources */,
				EFB912BD2DD915F500FA2D28 /* Team.swift in Sources */,
				EFE725722DD68476005D99C5 /* SceneDelegate.swift in Sources */,
			);
			runOnlyForDeploymentPostprocessing = 0;
		};
/* End PBXSourcesBuildPhase section */

/* Begin PBXTargetDependency section */
		22BD3CAB2DE12B65004F5540 /* PBXTargetDependency */ = {
			isa = PBXTargetDependency;
			target = EFE7256B2DD68476005D99C5 /* SportApp */;
			targetProxy = 22BD3CAA2DE12B65004F5540 /* PBXContainerItemProxy */;
		};
/* End PBXTargetDependency section */

/* Begin PBXVariantGroup section */
		EFE7257D2DD6847A005D99C5 /* LaunchScreen.storyboard */ = {
			isa = PBXVariantGroup;
			children = (
				EFE7257E2DD6847A005D99C5 /* Base */,
			);
			name = LaunchScreen.storyboard;
			sourceTree = "<group>";
		};
/* End PBXVariantGroup section */

/* Begin XCBuildConfiguration section */
		22BD3CAC2DE12B65004F5540 /* Debug */ = {
			isa = XCBuildConfiguration;
			buildSettings = {
				BUNDLE_LOADER = "$(TEST_HOST)";
				CODE_SIGN_STYLE = Automatic;
				CURRENT_PROJECT_VERSION = 1;
				GENERATE_INFOPLIST_FILE = YES;
				IPHONEOS_DEPLOYMENT_TARGET = 16.2;
				MACOSX_DEPLOYMENT_TARGET = 13.1;
				MARKETING_VERSION = 1.0;
				PRODUCT_BUNDLE_IDENTIFIER = iti.SportAppTests;
				PRODUCT_NAME = "$(TARGET_NAME)";
				SDKROOT = auto;
				SUPPORTED_PLATFORMS = "iphoneos iphonesimulator macosx";
				SWIFT_EMIT_LOC_STRINGS = NO;
				SWIFT_VERSION = 5.0;
				TARGETED_DEVICE_FAMILY = "1,2";
				TEST_HOST = "$(BUILT_PRODUCTS_DIR)/SportApp.app/$(BUNDLE_EXECUTABLE_FOLDER_PATH)/SportApp";
			};
			name = Debug;
		};
		22BD3CAD2DE12B65004F5540 /* Release */ = {
			isa = XCBuildConfiguration;
			buildSettings = {
				BUNDLE_LOADER = "$(TEST_HOST)";
				CODE_SIGN_STYLE = Automatic;
				CURRENT_PROJECT_VERSION = 1;
				GENERATE_INFOPLIST_FILE = YES;
				IPHONEOS_DEPLOYMENT_TARGET = 16.2;
				MACOSX_DEPLOYMENT_TARGET = 13.1;
				MARKETING_VERSION = 1.0;
				PRODUCT_BUNDLE_IDENTIFIER = iti.SportAppTests;
				PRODUCT_NAME = "$(TARGET_NAME)";
				SDKROOT = auto;
				SUPPORTED_PLATFORMS = "iphoneos iphonesimulator macosx";
				SWIFT_EMIT_LOC_STRINGS = NO;
				SWIFT_VERSION = 5.0;
				TARGETED_DEVICE_FAMILY = "1,2";
				TEST_HOST = "$(BUILT_PRODUCTS_DIR)/SportApp.app/$(BUNDLE_EXECUTABLE_FOLDER_PATH)/SportApp";
			};
			name = Release;
		};
		EFE725812DD6847A005D99C5 /* Debug */ = {
			isa = XCBuildConfiguration;
			buildSettings = {
				ALWAYS_SEARCH_USER_PATHS = NO;
				CLANG_ANALYZER_NONNULL = YES;
				CLANG_ANALYZER_NUMBER_OBJECT_CONVERSION = YES_AGGRESSIVE;
				CLANG_CXX_LANGUAGE_STANDARD = "gnu++20";
				CLANG_ENABLE_MODULES = YES;
				CLANG_ENABLE_OBJC_ARC = YES;
				CLANG_ENABLE_OBJC_WEAK = YES;
				CLANG_WARN_BLOCK_CAPTURE_AUTORELEASING = YES;
				CLANG_WARN_BOOL_CONVERSION = YES;
				CLANG_WARN_COMMA = YES;
				CLANG_WARN_CONSTANT_CONVERSION = YES;
				CLANG_WARN_DEPRECATED_OBJC_IMPLEMENTATIONS = YES;
				CLANG_WARN_DIRECT_OBJC_ISA_USAGE = YES_ERROR;
				CLANG_WARN_DOCUMENTATION_COMMENTS = YES;
				CLANG_WARN_EMPTY_BODY = YES;
				CLANG_WARN_ENUM_CONVERSION = YES;
				CLANG_WARN_INFINITE_RECURSION = YES;
				CLANG_WARN_INT_CONVERSION = YES;
				CLANG_WARN_NON_LITERAL_NULL_CONVERSION = YES;
				CLANG_WARN_OBJC_IMPLICIT_RETAIN_SELF = YES;
				CLANG_WARN_OBJC_LITERAL_CONVERSION = YES;
				CLANG_WARN_OBJC_ROOT_CLASS = YES_ERROR;
				CLANG_WARN_QUOTED_INCLUDE_IN_FRAMEWORK_HEADER = YES;
				CLANG_WARN_RANGE_LOOP_ANALYSIS = YES;
				CLANG_WARN_STRICT_PROTOTYPES = YES;
				CLANG_WARN_SUSPICIOUS_MOVE = YES;
				CLANG_WARN_UNGUARDED_AVAILABILITY = YES_AGGRESSIVE;
				CLANG_WARN_UNREACHABLE_CODE = YES;
				CLANG_WARN__DUPLICATE_METHOD_MATCH = YES;
				COPY_PHASE_STRIP = NO;
				DEBUG_INFORMATION_FORMAT = dwarf;
				ENABLE_STRICT_OBJC_MSGSEND = YES;
				ENABLE_TESTABILITY = YES;
				GCC_C_LANGUAGE_STANDARD = gnu11;
				GCC_DYNAMIC_NO_PIC = NO;
				GCC_NO_COMMON_BLOCKS = YES;
				GCC_OPTIMIZATION_LEVEL = 0;
				GCC_PREPROCESSOR_DEFINITIONS = (
					"DEBUG=1",
					"$(inherited)",
				);
				GCC_WARN_64_TO_32_BIT_CONVERSION = YES;
				GCC_WARN_ABOUT_RETURN_TYPE = YES_ERROR;
				GCC_WARN_UNDECLARED_SELECTOR = YES;
				GCC_WARN_UNINITIALIZED_AUTOS = YES_AGGRESSIVE;
				GCC_WARN_UNUSED_FUNCTION = YES;
				GCC_WARN_UNUSED_VARIABLE = YES;
				IPHONEOS_DEPLOYMENT_TARGET = 16.2;
				MTL_ENABLE_DEBUG_INFO = INCLUDE_SOURCE;
				MTL_FAST_MATH = YES;
				ONLY_ACTIVE_ARCH = YES;
				SDKROOT = iphoneos;
				SWIFT_ACTIVE_COMPILATION_CONDITIONS = DEBUG;
				SWIFT_OPTIMIZATION_LEVEL = "-Onone";
			};
			name = Debug;
		};
		EFE725822DD6847A005D99C5 /* Release */ = {
			isa = XCBuildConfiguration;
			buildSettings = {
				ALWAYS_SEARCH_USER_PATHS = NO;
				CLANG_ANALYZER_NONNULL = YES;
				CLANG_ANALYZER_NUMBER_OBJECT_CONVERSION = YES_AGGRESSIVE;
				CLANG_CXX_LANGUAGE_STANDARD = "gnu++20";
				CLANG_ENABLE_MODULES = YES;
				CLANG_ENABLE_OBJC_ARC = YES;
				CLANG_ENABLE_OBJC_WEAK = YES;
				CLANG_WARN_BLOCK_CAPTURE_AUTORELEASING = YES;
				CLANG_WARN_BOOL_CONVERSION = YES;
				CLANG_WARN_COMMA = YES;
				CLANG_WARN_CONSTANT_CONVERSION = YES;
				CLANG_WARN_DEPRECATED_OBJC_IMPLEMENTATIONS = YES;
				CLANG_WARN_DIRECT_OBJC_ISA_USAGE = YES_ERROR;
				CLANG_WARN_DOCUMENTATION_COMMENTS = YES;
				CLANG_WARN_EMPTY_BODY = YES;
				CLANG_WARN_ENUM_CONVERSION = YES;
				CLANG_WARN_INFINITE_RECURSION = YES;
				CLANG_WARN_INT_CONVERSION = YES;
				CLANG_WARN_NON_LITERAL_NULL_CONVERSION = YES;
				CLANG_WARN_OBJC_IMPLICIT_RETAIN_SELF = YES;
				CLANG_WARN_OBJC_LITERAL_CONVERSION = YES;
				CLANG_WARN_OBJC_ROOT_CLASS = YES_ERROR;
				CLANG_WARN_QUOTED_INCLUDE_IN_FRAMEWORK_HEADER = YES;
				CLANG_WARN_RANGE_LOOP_ANALYSIS = YES;
				CLANG_WARN_STRICT_PROTOTYPES = YES;
				CLANG_WARN_SUSPICIOUS_MOVE = YES;
				CLANG_WARN_UNGUARDED_AVAILABILITY = YES_AGGRESSIVE;
				CLANG_WARN_UNREACHABLE_CODE = YES;
				CLANG_WARN__DUPLICATE_METHOD_MATCH = YES;
				COPY_PHASE_STRIP = NO;
				DEBUG_INFORMATION_FORMAT = "dwarf-with-dsym";
				ENABLE_NS_ASSERTIONS = NO;
				ENABLE_STRICT_OBJC_MSGSEND = YES;
				GCC_C_LANGUAGE_STANDARD = gnu11;
				GCC_NO_COMMON_BLOCKS = YES;
				GCC_WARN_64_TO_32_BIT_CONVERSION = YES;
				GCC_WARN_ABOUT_RETURN_TYPE = YES_ERROR;
				GCC_WARN_UNDECLARED_SELECTOR = YES;
				GCC_WARN_UNINITIALIZED_AUTOS = YES_AGGRESSIVE;
				GCC_WARN_UNUSED_FUNCTION = YES;
				GCC_WARN_UNUSED_VARIABLE = YES;
				IPHONEOS_DEPLOYMENT_TARGET = 16.2;
				MTL_ENABLE_DEBUG_INFO = NO;
				MTL_FAST_MATH = YES;
				SDKROOT = iphoneos;
				SWIFT_COMPILATION_MODE = wholemodule;
				SWIFT_OPTIMIZATION_LEVEL = "-O";
				VALIDATE_PRODUCT = YES;
			};
			name = Release;
		};
		EFE725842DD6847A005D99C5 /* Debug */ = {
			isa = XCBuildConfiguration;
			buildSettings = {
				ASSETCATALOG_COMPILER_APPICON_NAME = AppIcon;
				ASSETCATALOG_COMPILER_GLOBAL_ACCENT_COLOR_NAME = AccentColor;
				CODE_SIGN_STYLE = Automatic;
				CURRENT_PROJECT_VERSION = 1;
				GENERATE_INFOPLIST_FILE = YES;
				INFOPLIST_FILE = SportApp/Info.plist;
				INFOPLIST_KEY_UIApplicationSupportsIndirectInputEvents = YES;
				INFOPLIST_KEY_UILaunchStoryboardName = "";
				INFOPLIST_KEY_UIStatusBarStyle = "";
				INFOPLIST_KEY_UISupportedInterfaceOrientations_iPad = "UIInterfaceOrientationPortrait UIInterfaceOrientationPortraitUpsideDown UIInterfaceOrientationLandscapeLeft UIInterfaceOrientationLandscapeRight";
				INFOPLIST_KEY_UISupportedInterfaceOrientations_iPhone = "UIInterfaceOrientationPortrait UIInterfaceOrientationLandscapeLeft UIInterfaceOrientationLandscapeRight";
				LD_RUNPATH_SEARCH_PATHS = (
					"$(inherited)",
					"@executable_path/Frameworks",
				);
				MARKETING_VERSION = 1.0;
				PRODUCT_BUNDLE_IDENTIFIER = iti.SportApp;
				PRODUCT_NAME = "$(TARGET_NAME)";
				SWIFT_EMIT_LOC_STRINGS = YES;
				SWIFT_VERSION = 5.0;
				TARGETED_DEVICE_FAMILY = "1,2";
			};
			name = Debug;
		};
		EFE725852DD6847A005D99C5 /* Release */ = {
			isa = XCBuildConfiguration;
			buildSettings = {
				ASSETCATALOG_COMPILER_APPICON_NAME = AppIcon;
				ASSETCATALOG_COMPILER_GLOBAL_ACCENT_COLOR_NAME = AccentColor;
				CODE_SIGN_STYLE = Automatic;
				CURRENT_PROJECT_VERSION = 1;
				GENERATE_INFOPLIST_FILE = YES;
				INFOPLIST_FILE = SportApp/Info.plist;
				INFOPLIST_KEY_UIApplicationSupportsIndirectInputEvents = YES;
				INFOPLIST_KEY_UILaunchStoryboardName = "";
				INFOPLIST_KEY_UIStatusBarStyle = "";
				INFOPLIST_KEY_UISupportedInterfaceOrientations_iPad = "UIInterfaceOrientationPortrait UIInterfaceOrientationPortraitUpsideDown UIInterfaceOrientationLandscapeLeft UIInterfaceOrientationLandscapeRight";
				INFOPLIST_KEY_UISupportedInterfaceOrientations_iPhone = "UIInterfaceOrientationPortrait UIInterfaceOrientationLandscapeLeft UIInterfaceOrientationLandscapeRight";
				LD_RUNPATH_SEARCH_PATHS = (
					"$(inherited)",
					"@executable_path/Frameworks",
				);
				MARKETING_VERSION = 1.0;
				PRODUCT_BUNDLE_IDENTIFIER = iti.SportApp;
				PRODUCT_NAME = "$(TARGET_NAME)";
				SWIFT_EMIT_LOC_STRINGS = YES;
				SWIFT_VERSION = 5.0;
				TARGETED_DEVICE_FAMILY = "1,2";
			};
			name = Release;
		};
/* End XCBuildConfiguration section */

/* Begin XCConfigurationList section */
		22BD3CAE2DE12B65004F5540 /* Build configuration list for PBXNativeTarget "SportAppTests" */ = {
			isa = XCConfigurationList;
			buildConfigurations = (
				22BD3CAC2DE12B65004F5540 /* Debug */,
				22BD3CAD2DE12B65004F5540 /* Release */,
			);
			defaultConfigurationIsVisible = 0;
			defaultConfigurationName = Release;
		};
		EFE725672DD68476005D99C5 /* Build configuration list for PBXProject "SportApp" */ = {
			isa = XCConfigurationList;
			buildConfigurations = (
				EFE725812DD6847A005D99C5 /* Debug */,
				EFE725822DD6847A005D99C5 /* Release */,
			);
			defaultConfigurationIsVisible = 0;
			defaultConfigurationName = Release;
		};
		EFE725832DD6847A005D99C5 /* Build configuration list for PBXNativeTarget "SportApp" */ = {
			isa = XCConfigurationList;
			buildConfigurations = (
				EFE725842DD6847A005D99C5 /* Debug */,
				EFE725852DD6847A005D99C5 /* Release */,
			);
			defaultConfigurationIsVisible = 0;
			defaultConfigurationName = Release;
		};
/* End XCConfigurationList section */

/* Begin XCRemoteSwiftPackageReference section */
		22C910382DDBB3610050BF5E /* XCRemoteSwiftPackageReference "Alamofire" */ = {
			isa = XCRemoteSwiftPackageReference;
			repositoryURL = "https://github.com/Alamofire/Alamofire.git";
			requirement = {
				kind = exactVersion;
				version = 5.9.1;
			};
		};
		EFA1BDB42DE0E800005EBC19 /* XCRemoteSwiftPackageReference "Reachability.swift" */ = {
			isa = XCRemoteSwiftPackageReference;
			repositoryURL = "https://github.com/ashleymills/Reachability.swift.git";
			requirement = {
				branch = master;
				kind = branch;
			};
		};
		EFF821852DDE19A800231A5D /* XCRemoteSwiftPackageReference "SDWebImage" */ = {
			isa = XCRemoteSwiftPackageReference;
			repositoryURL = "https://github.com/SDWebImage/SDWebImage.git";
			requirement = {
				kind = exactVersion;
				version = 5.14.0;
			};
		};
/* End XCRemoteSwiftPackageReference section */

/* Begin XCSwiftPackageProductDependency section */
		22BD11252DE13B6400E18405 /* Reachability */ = {
			isa = XCSwiftPackageProductDependency;
			package = EFA1BDB42DE0E800005EBC19 /* XCRemoteSwiftPackageReference "Reachability.swift" */;
			productName = Reachability;
		};
		22BD3CB42DE12DBF004F5540 /* SDWebImage */ = {
			isa = XCSwiftPackageProductDependency;
			package = EFF821852DDE19A800231A5D /* XCRemoteSwiftPackageReference "SDWebImage" */;
			productName = SDWebImage;
		};
		22C910392DDBB3610050BF5E /* Alamofire */ = {
			isa = XCSwiftPackageProductDependency;
			package = 22C910382DDBB3610050BF5E /* XCRemoteSwiftPackageReference "Alamofire" */;
			productName = Alamofire;
		};
		EFA1BDB52DE0E800005EBC19 /* Reachability */ = {
			isa = XCSwiftPackageProductDependency;
			package = EFA1BDB42DE0E800005EBC19 /* XCRemoteSwiftPackageReference "Reachability.swift" */;
			productName = Reachability;
		};
		EFF821862DDE19A800231A5D /* SDWebImage */ = {
			isa = XCSwiftPackageProductDependency;
			package = EFF821852DDE19A800231A5D /* XCRemoteSwiftPackageReference "SDWebImage" */;
			productName = SDWebImage;
		};
/* End XCSwiftPackageProductDependency section */

/* Begin XCVersionGroup section */
		22A30FD52DDF936C007EA355 /* LocalLeague.xcdatamodeld */ = {
			isa = XCVersionGroup;
			children = (
				22A30FD62DDF936C007EA355 /* LocalLeague.xcdatamodel */,
			);
			currentVersion = 22A30FD62DDF936C007EA355 /* LocalLeague.xcdatamodel */;
			path = LocalLeague.xcdatamodeld;
			sourceTree = "<group>";
			versionGroupType = wrapper.xcdatamodel;
		};
		EFE725782DD68476005D99C5 /* SportApp.xcdatamodeld */ = {
			isa = XCVersionGroup;
			children = (
				EFE725792DD68476005D99C5 /* SportApp.xcdatamodel */,
			);
			currentVersion = EFE725792DD68476005D99C5 /* SportApp.xcdatamodel */;
			path = SportApp.xcdatamodeld;
			sourceTree = "<group>";
			versionGroupType = wrapper.xcdatamodel;
		};
/* End XCVersionGroup section */
	};
	rootObject = EFE725642DD68476005D99C5 /* Project object */;
}
