{
  "pins" : [
    {
      "identity" : "alamofire",
      "kind" : "remoteSourceControl",
      "location" : "https://github.com/Alamofire/Alamofire.git",
      "state" : {
        "revision" : "f455c2975872ccd2d9c81594c658af65716e9b9a",
        "version" : "5.9.1"
      }
    },
    {
      "identity" : "sdwebimage",
      "kind" : "remoteSourceControl",
      "location" : "git@github.com:SDWebImage/SDWebImage.git",
      "state" : {
        "revision" : "b6aa428b7d01a36e7857b09b4acb320ad7ee5170",
        "version" : "5.14.0"
      }
    }
  ],
  "version" : 2
}
